// !$*UTF8*$!
{
	archiveVersion = 1;
	classes = {
	};
	objectVersion = 55;
	objects = {

/* Begin PBXBuildFile section */
		0407909927B7CB38006C5374 /* EndPoint.swift in Sources */ = {isa = PBXBuildFile; fileRef = 0407909827B7CB38006C5374 /* EndPoint.swift */; };
		0407909B27B7D232006C5374 /* NetworkError.swift in Sources */ = {isa = PBXBuildFile; fileRef = 0407909A27B7D232006C5374 /* NetworkError.swift */; };
		0407909D27B7DD9E006C5374 /* FeedEndPointCases.swift in Sources */ = {isa = PBXBuildFile; fileRef = 0407909C27B7DD9E006C5374 /* FeedEndPointCases.swift */; };
		040790A427B895D1006C5374 /* View.swift in Sources */ = {isa = PBXBuildFile; fileRef = 040790A327B895D1006C5374 /* View.swift */; };
		040790A627B8960D006C5374 /* Color.swift in Sources */ = {isa = PBXBuildFile; fileRef = 040790A527B8960D006C5374 /* Color.swift */; };
		040790A827B8964E006C5374 /* String.swift in Sources */ = {isa = PBXBuildFile; fileRef = 040790A727B8964E006C5374 /* String.swift */; };
		040790AA27B89701006C5374 /* Decode.swift in Sources */ = {isa = PBXBuildFile; fileRef = 040790A927B89701006C5374 /* Decode.swift */; };
		040790AC27B89777006C5374 /* Notification.swift in Sources */ = {isa = PBXBuildFile; fileRef = 040790AB27B89777006C5374 /* Notification.swift */; };
		040790AE27B8B3F8006C5374 /* TagView.swift in Sources */ = {isa = PBXBuildFile; fileRef = 040790AD27B8B3F8006C5374 /* TagView.swift */; };
		040790B027B8DE9C006C5374 /* Font.swift in Sources */ = {isa = PBXBuildFile; fileRef = 040790AF27B8DE9C006C5374 /* Font.swift */; };
		040790B227B8DFDD006C5374 /* ImageLabelView.swift in Sources */ = {isa = PBXBuildFile; fileRef = 040790B127B8DFDD006C5374 /* ImageLabelView.swift */; };
		040790B427B8F03D006C5374 /* DetailView.swift in Sources */ = {isa = PBXBuildFile; fileRef = 040790B327B8F03D006C5374 /* DetailView.swift */; };
		040790BF27B90E5C006C5374 /* Pretendard-Black.otf in Resources */ = {isa = PBXBuildFile; fileRef = 040790BB27B90E44006C5374 /* Pretendard-Black.otf */; };
		040790C027B90E5D006C5374 /* Pretendard-Black.otf in Resources */ = {isa = PBXBuildFile; fileRef = 040790BB27B90E44006C5374 /* Pretendard-Black.otf */; };
		040790C127B90E5E006C5374 /* Pretendard-Black.otf in Resources */ = {isa = PBXBuildFile; fileRef = 040790BB27B90E44006C5374 /* Pretendard-Black.otf */; };
		040790C227B90E61006C5374 /* Pretendard-Bold.otf in Resources */ = {isa = PBXBuildFile; fileRef = 040790B827B90E44006C5374 /* Pretendard-Bold.otf */; };
		040790C327B90E61006C5374 /* Pretendard-Bold.otf in Resources */ = {isa = PBXBuildFile; fileRef = 040790B827B90E44006C5374 /* Pretendard-Bold.otf */; };
		040790C427B90E62006C5374 /* Pretendard-Bold.otf in Resources */ = {isa = PBXBuildFile; fileRef = 040790B827B90E44006C5374 /* Pretendard-Bold.otf */; };
		040790C527B90E64006C5374 /* Pretendard-ExtraBold.otf in Resources */ = {isa = PBXBuildFile; fileRef = 040790B727B90E43006C5374 /* Pretendard-ExtraBold.otf */; };
		040790C627B90E65006C5374 /* Pretendard-ExtraBold.otf in Resources */ = {isa = PBXBuildFile; fileRef = 040790B727B90E43006C5374 /* Pretendard-ExtraBold.otf */; };
		040790C727B90E65006C5374 /* Pretendard-ExtraBold.otf in Resources */ = {isa = PBXBuildFile; fileRef = 040790B727B90E43006C5374 /* Pretendard-ExtraBold.otf */; };
		040790C827B90E68006C5374 /* Pretendard-ExtraLight.otf in Resources */ = {isa = PBXBuildFile; fileRef = 040790BC27B90E44006C5374 /* Pretendard-ExtraLight.otf */; };
		040790C927B90E68006C5374 /* Pretendard-ExtraLight.otf in Resources */ = {isa = PBXBuildFile; fileRef = 040790BC27B90E44006C5374 /* Pretendard-ExtraLight.otf */; };
		040790CA27B90E69006C5374 /* Pretendard-ExtraLight.otf in Resources */ = {isa = PBXBuildFile; fileRef = 040790BC27B90E44006C5374 /* Pretendard-ExtraLight.otf */; };
		040790CB27B90E6C006C5374 /* Pretendard-Light.otf in Resources */ = {isa = PBXBuildFile; fileRef = 040790B927B90E44006C5374 /* Pretendard-Light.otf */; };
		040790CC27B90E6C006C5374 /* Pretendard-Light.otf in Resources */ = {isa = PBXBuildFile; fileRef = 040790B927B90E44006C5374 /* Pretendard-Light.otf */; };
		040790CD27B90E6E006C5374 /* Pretendard-Light.otf in Resources */ = {isa = PBXBuildFile; fileRef = 040790B927B90E44006C5374 /* Pretendard-Light.otf */; };
		040790CE27B90E70006C5374 /* Pretendard-Medium.otf in Resources */ = {isa = PBXBuildFile; fileRef = 040790B627B90E43006C5374 /* Pretendard-Medium.otf */; };
		040790CF27B90E71006C5374 /* Pretendard-Medium.otf in Resources */ = {isa = PBXBuildFile; fileRef = 040790B627B90E43006C5374 /* Pretendard-Medium.otf */; };
		040790D027B90E71006C5374 /* Pretendard-Medium.otf in Resources */ = {isa = PBXBuildFile; fileRef = 040790B627B90E43006C5374 /* Pretendard-Medium.otf */; };
		040790D127B90E73006C5374 /* Pretendard-Regular.otf in Resources */ = {isa = PBXBuildFile; fileRef = 040790BA27B90E44006C5374 /* Pretendard-Regular.otf */; };
		040790D227B90E74006C5374 /* Pretendard-Regular.otf in Resources */ = {isa = PBXBuildFile; fileRef = 040790BA27B90E44006C5374 /* Pretendard-Regular.otf */; };
		040790D327B90E74006C5374 /* Pretendard-Regular.otf in Resources */ = {isa = PBXBuildFile; fileRef = 040790BA27B90E44006C5374 /* Pretendard-Regular.otf */; };
		040790D427B90E77006C5374 /* Pretendard-Thin.otf in Resources */ = {isa = PBXBuildFile; fileRef = 040790BE27B90E44006C5374 /* Pretendard-Thin.otf */; };
		040790D527B90E78006C5374 /* Pretendard-Thin.otf in Resources */ = {isa = PBXBuildFile; fileRef = 040790BE27B90E44006C5374 /* Pretendard-Thin.otf */; };
		040790D627B90E78006C5374 /* Pretendard-Thin.otf in Resources */ = {isa = PBXBuildFile; fileRef = 040790BE27B90E44006C5374 /* Pretendard-Thin.otf */; };
		040790D727B90E7B006C5374 /* Pretendard-SemiBold.otf in Resources */ = {isa = PBXBuildFile; fileRef = 040790BD27B90E44006C5374 /* Pretendard-SemiBold.otf */; };
		040790D827B90E7C006C5374 /* Pretendard-SemiBold.otf in Resources */ = {isa = PBXBuildFile; fileRef = 040790BD27B90E44006C5374 /* Pretendard-SemiBold.otf */; };
		040790D927B90E7D006C5374 /* Pretendard-SemiBold.otf in Resources */ = {isa = PBXBuildFile; fileRef = 040790BD27B90E44006C5374 /* Pretendard-SemiBold.otf */; };
		040790DB27B92620006C5374 /* TextView.swift in Sources */ = {isa = PBXBuildFile; fileRef = 040790DA27B92620006C5374 /* TextView.swift */; };
		040790DD27B94125006C5374 /* GrayBorderView.swift in Sources */ = {isa = PBXBuildFile; fileRef = 040790DC27B94125006C5374 /* GrayBorderView.swift */; };
		040790E027B969A9006C5374 /* RelayRoomView.swift in Sources */ = {isa = PBXBuildFile; fileRef = 040790DF27B969A9006C5374 /* RelayRoomView.swift */; };
		040790E227B9F57C006C5374 /* RelayRoomCell.swift in Sources */ = {isa = PBXBuildFile; fileRef = 040790E127B9F57C006C5374 /* RelayRoomCell.swift */; };
		040790E727BA0D19006C5374 /* LeftAlignedCollectionViewFlowLayout.swift in Sources */ = {isa = PBXBuildFile; fileRef = 040790E627BA0D19006C5374 /* LeftAlignedCollectionViewFlowLayout.swift */; };
		040790EB27BA24C1006C5374 /* RelayDetailViewController.swift in Sources */ = {isa = PBXBuildFile; fileRef = 040790EA27BA24C1006C5374 /* RelayDetailViewController.swift */; };
		040790ED27BA2AFF006C5374 /* RelayDetailView.swift in Sources */ = {isa = PBXBuildFile; fileRef = 040790EC27BA2AFF006C5374 /* RelayDetailView.swift */; };
		040790EF27BA6483006C5374 /* RelayContentCell.swift in Sources */ = {isa = PBXBuildFile; fileRef = 040790EE27BA6483006C5374 /* RelayContentCell.swift */; };
		040790F127BA65ED006C5374 /* RelayTitleCell.swift in Sources */ = {isa = PBXBuildFile; fileRef = 040790F027BA65ED006C5374 /* RelayTitleCell.swift */; };
		040790F327BA75B2006C5374 /* PopUpViewController.swift in Sources */ = {isa = PBXBuildFile; fileRef = 040790F227BA75B2006C5374 /* PopUpViewController.swift */; };
		040790F527BA76CC006C5374 /* PopUpView.swift in Sources */ = {isa = PBXBuildFile; fileRef = 040790F427BA76CC006C5374 /* PopUpView.swift */; };
		040790F727BB4C7E006C5374 /* MakingRelayRoomViewController.swift in Sources */ = {isa = PBXBuildFile; fileRef = 040790F627BB4C7E006C5374 /* MakingRelayRoomViewController.swift */; };
		040790F927BB4E42006C5374 /* MakingRoomButton.swift in Sources */ = {isa = PBXBuildFile; fileRef = 040790F827BB4E42006C5374 /* MakingRoomButton.swift */; };
		040790FB27BB53F4006C5374 /* MakingRelayView.swift in Sources */ = {isa = PBXBuildFile; fileRef = 040790FA27BB53F4006C5374 /* MakingRelayView.swift */; };
		040790FD27BB5F93006C5374 /* ShortTextView.swift in Sources */ = {isa = PBXBuildFile; fileRef = 040790FC27BB5F93006C5374 /* ShortTextView.swift */; };
		040790FF27BB96C0006C5374 /* SelectTagViewController.swift in Sources */ = {isa = PBXBuildFile; fileRef = 040790FE27BB96C0006C5374 /* SelectTagViewController.swift */; };
		0407910127BBA0C6006C5374 /* SelectingTagCell.swift in Sources */ = {isa = PBXBuildFile; fileRef = 0407910027BBA0C6006C5374 /* SelectingTagCell.swift */; };
		0407910327BBAA0C006C5374 /* PairView.swift in Sources */ = {isa = PBXBuildFile; fileRef = 0407910227BBAA0C006C5374 /* PairView.swift */; };
		0407910527BBD70E006C5374 /* BottomBar.swift in Sources */ = {isa = PBXBuildFile; fileRef = 0407910427BBD70E006C5374 /* BottomBar.swift */; };
		0407910727BBDC53006C5374 /* ParticipantViewController.swift in Sources */ = {isa = PBXBuildFile; fileRef = 0407910627BBDC53006C5374 /* ParticipantViewController.swift */; };
		0407910927BBDD68006C5374 /* ParticipantListView.swift in Sources */ = {isa = PBXBuildFile; fileRef = 0407910827BBDD68006C5374 /* ParticipantListView.swift */; };
		0407910B27BBE003006C5374 /* ParticipantCell.swift in Sources */ = {isa = PBXBuildFile; fileRef = 0407910A27BBE003006C5374 /* ParticipantCell.swift */; };
		0439AF2D27AFAF7000E14E03 /* CategoryFilterCell.swift in Sources */ = {isa = PBXBuildFile; fileRef = 0439AF2C27AFAF7000E14E03 /* CategoryFilterCell.swift */; };
		0439AF3127AFF97400E14E03 /* FeedCell.swift in Sources */ = {isa = PBXBuildFile; fileRef = 0439AF3027AFF97300E14E03 /* FeedCell.swift */; };
		0439AF3327B0B0A000E14E03 /* ArticleListView.swift in Sources */ = {isa = PBXBuildFile; fileRef = 0439AF3227B0B0A000E14E03 /* ArticleListView.swift */; };
		0439AF3527B0B4AF00E14E03 /* ProfileView.swift in Sources */ = {isa = PBXBuildFile; fileRef = 0439AF3427B0B4AF00E14E03 /* ProfileView.swift */; };
		0439AF4527B166B300E14E03 /* SubscribeFilterCell.swift in Sources */ = {isa = PBXBuildFile; fileRef = 0439AF4427B166B300E14E03 /* SubscribeFilterCell.swift */; };
		0439AF4727B171EB00E14E03 /* DetailContentViewController.swift in Sources */ = {isa = PBXBuildFile; fileRef = 0439AF4627B171EB00E14E03 /* DetailContentViewController.swift */; };
		0439AF4B27B1EBBF00E14E03 /* FeedViewController.swift in Sources */ = {isa = PBXBuildFile; fileRef = 0439AF4A27B1EBBF00E14E03 /* FeedViewController.swift */; };
		0464F9C327A578AA0054FD83 /* AppDelegate.swift in Sources */ = {isa = PBXBuildFile; fileRef = 0464F9C227A578AA0054FD83 /* AppDelegate.swift */; };
		0464F9C527A578AA0054FD83 /* SceneDelegate.swift in Sources */ = {isa = PBXBuildFile; fileRef = 0464F9C427A578AA0054FD83 /* SceneDelegate.swift */; };
		0464F9CA27A578AA0054FD83 /* Main.storyboard in Resources */ = {isa = PBXBuildFile; fileRef = 0464F9C827A578AA0054FD83 /* Main.storyboard */; };
		0464F9CC27A578AE0054FD83 /* Assets.xcassets in Resources */ = {isa = PBXBuildFile; fileRef = 0464F9CB27A578AE0054FD83 /* Assets.xcassets */; };
		0464F9CF27A578AE0054FD83 /* LaunchScreen.storyboard in Resources */ = {isa = PBXBuildFile; fileRef = 0464F9CD27A578AE0054FD83 /* LaunchScreen.storyboard */; };
		0464F9DA27A578AE0054FD83 /* KkamagnoonTests.swift in Sources */ = {isa = PBXBuildFile; fileRef = 0464F9D927A578AE0054FD83 /* KkamagnoonTests.swift */; };
		0464F9E427A578AE0054FD83 /* KkamagnoonUITests.swift in Sources */ = {isa = PBXBuildFile; fileRef = 0464F9E327A578AE0054FD83 /* KkamagnoonUITests.swift */; };
		0464F9E627A578AE0054FD83 /* KkamagnoonUITestsLaunchTests.swift in Sources */ = {isa = PBXBuildFile; fileRef = 0464F9E527A578AE0054FD83 /* KkamagnoonUITestsLaunchTests.swift */; };
		048D44AC27AF592D0031974D /* TabBarViewController.swift in Sources */ = {isa = PBXBuildFile; fileRef = 048D44AB27AF592D0031974D /* TabBarViewController.swift */; };
		048D44B727AF5D0F0031974D /* MyPageViewController.swift in Sources */ = {isa = PBXBuildFile; fileRef = 048D44B627AF5D0F0031974D /* MyPageViewController.swift */; };
		048D44B927AF5D5A0031974D /* RelayViewController.swift in Sources */ = {isa = PBXBuildFile; fileRef = 048D44B827AF5D5A0031974D /* RelayViewController.swift */; };
		048D44BD27AF5D7D0031974D /* MyWritingViewController.swift in Sources */ = {isa = PBXBuildFile; fileRef = 048D44BC27AF5D7D0031974D /* MyWritingViewController.swift */; };
		048D44BF27AF5D930031974D /* ChallengeViewController.swift in Sources */ = {isa = PBXBuildFile; fileRef = 048D44BE27AF5D930031974D /* ChallengeViewController.swift */; };
		048D44C227AF5E030031974D /* StringConverter.swift in Sources */ = {isa = PBXBuildFile; fileRef = 048D44C127AF5E030031974D /* StringConverter.swift */; };
		04A40D3427BE1C5C004DAB19 /* RelayViewModel.swift in Sources */ = {isa = PBXBuildFile; fileRef = 04A40D3327BE1C5C004DAB19 /* RelayViewModel.swift */; };
		04A40D3727BE25E3004DAB19 /* File.swift in Sources */ = {isa = PBXBuildFile; fileRef = 04A40D3627BE25E3004DAB19 /* File.swift */; };
		04C95FBF27B548DA00A0F840 /* FeedService.swift in Sources */ = {isa = PBXBuildFile; fileRef = 04C95FBE27B548DA00A0F840 /* FeedService.swift */; };
		04C95FC127B5495800A0F840 /* FeedViewModel.swift in Sources */ = {isa = PBXBuildFile; fileRef = 04C95FC027B5495800A0F840 /* FeedViewModel.swift */; };
		04C95FC627B55E9800A0F840 /* FeedModel.swift in Sources */ = {isa = PBXBuildFile; fileRef = 04C95FC527B55E9800A0F840 /* FeedModel.swift */; };
		04C95FCB27B5F1A600A0F840 /* TokenUtils.swift in Sources */ = {isa = PBXBuildFile; fileRef = 04C95FCA27B5F1A500A0F840 /* TokenUtils.swift */; };
		04C95FCD27B6730200A0F840 /* TopButtonView.swift in Sources */ = {isa = PBXBuildFile; fileRef = 04C95FCC27B6730200A0F840 /* TopButtonView.swift */; };
		04C95FD127B68AD400A0F840 /* TagListView.swift in Sources */ = {isa = PBXBuildFile; fileRef = 04C95FD027B68AD400A0F840 /* TagListView.swift */; };
		04C95FD527B68E8900A0F840 /* AuthorListView.swift in Sources */ = {isa = PBXBuildFile; fileRef = 04C95FD427B68E8900A0F840 /* AuthorListView.swift */; };
		04DAAE5127B1FDB300AECFE4 /* WholeFeedView.swift in Sources */ = {isa = PBXBuildFile; fileRef = 04DAAE5027B1FDB300AECFE4 /* WholeFeedView.swift */; };
		04DAAE5327B2121600AECFE4 /* FeedView.swift in Sources */ = {isa = PBXBuildFile; fileRef = 04DAAE5227B2121600AECFE4 /* FeedView.swift */; };
		04DAAE5527B29EB700AECFE4 /* SubscribeFeedView.swift in Sources */ = {isa = PBXBuildFile; fileRef = 04DAAE5427B29EB700AECFE4 /* SubscribeFeedView.swift */; };
		04DAAE5A27B2B1F500AECFE4 /* FlexibleDecode.swift in Sources */ = {isa = PBXBuildFile; fileRef = 04DAAE5927B2B1F500AECFE4 /* FlexibleDecode.swift */; };
		04DAAE5C27B2CE5100AECFE4 /* BottomReactionView.swift in Sources */ = {isa = PBXBuildFile; fileRef = 04DAAE5B27B2CE5100AECFE4 /* BottomReactionView.swift */; };
		04DAAE5E27B3C64500AECFE4 /* CustomColor.swift in Sources */ = {isa = PBXBuildFile; fileRef = 04DAAE5D27B3C64500AECFE4 /* CustomColor.swift */; };
		04DAAE6027B3EA0500AECFE4 /* SubscribeListViewController.swift in Sources */ = {isa = PBXBuildFile; fileRef = 04DAAE5F27B3EA0500AECFE4 /* SubscribeListViewController.swift */; };
		04DAAE6227B3F41900AECFE4 /* SubscribeListCell.swift in Sources */ = {isa = PBXBuildFile; fileRef = 04DAAE6127B3F41900AECFE4 /* SubscribeListCell.swift */; };
		04DAAE6427B4196F00AECFE4 /* BottomSheetViewController.swift in Sources */ = {isa = PBXBuildFile; fileRef = 04DAAE6327B4196F00AECFE4 /* BottomSheetViewController.swift */; };
		04DAAE6627B4C03A00AECFE4 /* CommentCell.swift in Sources */ = {isa = PBXBuildFile; fileRef = 04DAAE6527B4C03A00AECFE4 /* CommentCell.swift */; };
		04DAAE6827B4D0D600AECFE4 /* WritingCommentView.swift in Sources */ = {isa = PBXBuildFile; fileRef = 04DAAE6727B4D0D600AECFE4 /* WritingCommentView.swift */; };
		4772DCC31D58F618A0C97067 /* Pods_KkamagnoonTests.framework in Frameworks */ = {isa = PBXBuildFile; fileRef = BEA8A731D028EF2AE2C2F844 /* Pods_KkamagnoonTests.framework */; };
		59262A405FB52911AA2ACCF1 /* Pods_Kkamagnoon.framework in Frameworks */ = {isa = PBXBuildFile; fileRef = 21B18F934232A8239C156F77 /* Pods_Kkamagnoon.framework */; };
		DA3759104807120025675467 /* Pods_Kkamagnoon_KkamagnoonUITests.framework in Frameworks */ = {isa = PBXBuildFile; fileRef = D320D1CF105BFC278E7F0256 /* Pods_Kkamagnoon_KkamagnoonUITests.framework */; };
/* End PBXBuildFile section */

/* Begin PBXContainerItemProxy section */
		0464F9D627A578AE0054FD83 /* PBXContainerItemProxy */ = {
			isa = PBXContainerItemProxy;
			containerPortal = 0464F9B727A578AA0054FD83 /* Project object */;
			proxyType = 1;
			remoteGlobalIDString = 0464F9BE27A578AA0054FD83;
			remoteInfo = Kkamagnoon;
		};
		0464F9E027A578AE0054FD83 /* PBXContainerItemProxy */ = {
			isa = PBXContainerItemProxy;
			containerPortal = 0464F9B727A578AA0054FD83 /* Project object */;
			proxyType = 1;
			remoteGlobalIDString = 0464F9BE27A578AA0054FD83;
			remoteInfo = Kkamagnoon;
		};
/* End PBXContainerItemProxy section */

/* Begin PBXFileReference section */
		0407909827B7CB38006C5374 /* EndPoint.swift */ = {isa = PBXFileReference; lastKnownFileType = sourcecode.swift; path = EndPoint.swift; sourceTree = "<group>"; };
		0407909A27B7D232006C5374 /* NetworkError.swift */ = {isa = PBXFileReference; lastKnownFileType = sourcecode.swift; path = NetworkError.swift; sourceTree = "<group>"; };
		0407909C27B7DD9E006C5374 /* FeedEndPointCases.swift */ = {isa = PBXFileReference; lastKnownFileType = sourcecode.swift; path = FeedEndPointCases.swift; sourceTree = "<group>"; };
		040790A327B895D1006C5374 /* View.swift */ = {isa = PBXFileReference; lastKnownFileType = sourcecode.swift; path = View.swift; sourceTree = "<group>"; };
		040790A527B8960D006C5374 /* Color.swift */ = {isa = PBXFileReference; lastKnownFileType = sourcecode.swift; path = Color.swift; sourceTree = "<group>"; };
		040790A727B8964E006C5374 /* String.swift */ = {isa = PBXFileReference; lastKnownFileType = sourcecode.swift; path = String.swift; sourceTree = "<group>"; };
		040790A927B89701006C5374 /* Decode.swift */ = {isa = PBXFileReference; lastKnownFileType = sourcecode.swift; path = Decode.swift; sourceTree = "<group>"; };
		040790AB27B89777006C5374 /* Notification.swift */ = {isa = PBXFileReference; lastKnownFileType = sourcecode.swift; path = Notification.swift; sourceTree = "<group>"; };
		040790AD27B8B3F8006C5374 /* TagView.swift */ = {isa = PBXFileReference; lastKnownFileType = sourcecode.swift; path = TagView.swift; sourceTree = "<group>"; };
		040790AF27B8DE9C006C5374 /* Font.swift */ = {isa = PBXFileReference; lastKnownFileType = sourcecode.swift; path = Font.swift; sourceTree = "<group>"; };
		040790B127B8DFDD006C5374 /* ImageLabelView.swift */ = {isa = PBXFileReference; lastKnownFileType = sourcecode.swift; path = ImageLabelView.swift; sourceTree = "<group>"; };
		040790B327B8F03D006C5374 /* DetailView.swift */ = {isa = PBXFileReference; lastKnownFileType = sourcecode.swift; path = DetailView.swift; sourceTree = "<group>"; };
		040790B627B90E43006C5374 /* Pretendard-Medium.otf */ = {isa = PBXFileReference; lastKnownFileType = file; path = "Pretendard-Medium.otf"; sourceTree = "<group>"; };
		040790B727B90E43006C5374 /* Pretendard-ExtraBold.otf */ = {isa = PBXFileReference; lastKnownFileType = file; path = "Pretendard-ExtraBold.otf"; sourceTree = "<group>"; };
		040790B827B90E44006C5374 /* Pretendard-Bold.otf */ = {isa = PBXFileReference; lastKnownFileType = file; path = "Pretendard-Bold.otf"; sourceTree = "<group>"; };
		040790B927B90E44006C5374 /* Pretendard-Light.otf */ = {isa = PBXFileReference; lastKnownFileType = file; path = "Pretendard-Light.otf"; sourceTree = "<group>"; };
		040790BA27B90E44006C5374 /* Pretendard-Regular.otf */ = {isa = PBXFileReference; lastKnownFileType = file; path = "Pretendard-Regular.otf"; sourceTree = "<group>"; };
		040790BB27B90E44006C5374 /* Pretendard-Black.otf */ = {isa = PBXFileReference; lastKnownFileType = file; path = "Pretendard-Black.otf"; sourceTree = "<group>"; };
		040790BC27B90E44006C5374 /* Pretendard-ExtraLight.otf */ = {isa = PBXFileReference; lastKnownFileType = file; path = "Pretendard-ExtraLight.otf"; sourceTree = "<group>"; };
		040790BD27B90E44006C5374 /* Pretendard-SemiBold.otf */ = {isa = PBXFileReference; lastKnownFileType = file; path = "Pretendard-SemiBold.otf"; sourceTree = "<group>"; };
		040790BE27B90E44006C5374 /* Pretendard-Thin.otf */ = {isa = PBXFileReference; lastKnownFileType = file; path = "Pretendard-Thin.otf"; sourceTree = "<group>"; };
		040790DA27B92620006C5374 /* TextView.swift */ = {isa = PBXFileReference; lastKnownFileType = sourcecode.swift; path = TextView.swift; sourceTree = "<group>"; };
		040790DC27B94125006C5374 /* GrayBorderView.swift */ = {isa = PBXFileReference; lastKnownFileType = sourcecode.swift; path = GrayBorderView.swift; sourceTree = "<group>"; };
		040790DF27B969A9006C5374 /* RelayRoomView.swift */ = {isa = PBXFileReference; lastKnownFileType = sourcecode.swift; path = RelayRoomView.swift; sourceTree = "<group>"; };
		040790E127B9F57C006C5374 /* RelayRoomCell.swift */ = {isa = PBXFileReference; lastKnownFileType = sourcecode.swift; path = RelayRoomCell.swift; sourceTree = "<group>"; };
		040790E627BA0D19006C5374 /* LeftAlignedCollectionViewFlowLayout.swift */ = {isa = PBXFileReference; lastKnownFileType = sourcecode.swift; path = LeftAlignedCollectionViewFlowLayout.swift; sourceTree = "<group>"; };
		040790EA27BA24C1006C5374 /* RelayDetailViewController.swift */ = {isa = PBXFileReference; lastKnownFileType = sourcecode.swift; path = RelayDetailViewController.swift; sourceTree = "<group>"; };
		040790EC27BA2AFF006C5374 /* RelayDetailView.swift */ = {isa = PBXFileReference; lastKnownFileType = sourcecode.swift; path = RelayDetailView.swift; sourceTree = "<group>"; };
		040790EE27BA6483006C5374 /* RelayContentCell.swift */ = {isa = PBXFileReference; lastKnownFileType = sourcecode.swift; path = RelayContentCell.swift; sourceTree = "<group>"; };
		040790F027BA65ED006C5374 /* RelayTitleCell.swift */ = {isa = PBXFileReference; lastKnownFileType = sourcecode.swift; path = RelayTitleCell.swift; sourceTree = "<group>"; };
		040790F227BA75B2006C5374 /* PopUpViewController.swift */ = {isa = PBXFileReference; lastKnownFileType = sourcecode.swift; path = PopUpViewController.swift; sourceTree = "<group>"; };
		040790F427BA76CC006C5374 /* PopUpView.swift */ = {isa = PBXFileReference; lastKnownFileType = sourcecode.swift; path = PopUpView.swift; sourceTree = "<group>"; };
		040790F627BB4C7E006C5374 /* MakingRelayRoomViewController.swift */ = {isa = PBXFileReference; lastKnownFileType = sourcecode.swift; path = MakingRelayRoomViewController.swift; sourceTree = "<group>"; };
		040790F827BB4E42006C5374 /* MakingRoomButton.swift */ = {isa = PBXFileReference; lastKnownFileType = sourcecode.swift; path = MakingRoomButton.swift; sourceTree = "<group>"; };
		040790FA27BB53F4006C5374 /* MakingRelayView.swift */ = {isa = PBXFileReference; lastKnownFileType = sourcecode.swift; path = MakingRelayView.swift; sourceTree = "<group>"; };
		040790FC27BB5F93006C5374 /* ShortTextView.swift */ = {isa = PBXFileReference; lastKnownFileType = sourcecode.swift; path = ShortTextView.swift; sourceTree = "<group>"; };
		040790FE27BB96C0006C5374 /* SelectTagViewController.swift */ = {isa = PBXFileReference; lastKnownFileType = sourcecode.swift; path = SelectTagViewController.swift; sourceTree = "<group>"; };
		0407910027BBA0C6006C5374 /* SelectingTagCell.swift */ = {isa = PBXFileReference; lastKnownFileType = sourcecode.swift; path = SelectingTagCell.swift; sourceTree = "<group>"; };
		0407910227BBAA0C006C5374 /* PairView.swift */ = {isa = PBXFileReference; lastKnownFileType = sourcecode.swift; path = PairView.swift; sourceTree = "<group>"; };
		0407910427BBD70E006C5374 /* BottomBar.swift */ = {isa = PBXFileReference; lastKnownFileType = sourcecode.swift; path = BottomBar.swift; sourceTree = "<group>"; };
		0407910627BBDC53006C5374 /* ParticipantViewController.swift */ = {isa = PBXFileReference; lastKnownFileType = sourcecode.swift; path = ParticipantViewController.swift; sourceTree = "<group>"; };
		0407910827BBDD68006C5374 /* ParticipantListView.swift */ = {isa = PBXFileReference; lastKnownFileType = sourcecode.swift; path = ParticipantListView.swift; sourceTree = "<group>"; };
		0407910A27BBE003006C5374 /* ParticipantCell.swift */ = {isa = PBXFileReference; lastKnownFileType = sourcecode.swift; path = ParticipantCell.swift; sourceTree = "<group>"; };
		0439AF2C27AFAF7000E14E03 /* CategoryFilterCell.swift */ = {isa = PBXFileReference; lastKnownFileType = sourcecode.swift; path = CategoryFilterCell.swift; sourceTree = "<group>"; };
		0439AF3027AFF97300E14E03 /* FeedCell.swift */ = {isa = PBXFileReference; lastKnownFileType = sourcecode.swift; path = FeedCell.swift; sourceTree = "<group>"; };
		0439AF3227B0B0A000E14E03 /* ArticleListView.swift */ = {isa = PBXFileReference; lastKnownFileType = sourcecode.swift; path = ArticleListView.swift; sourceTree = "<group>"; };
		0439AF3427B0B4AF00E14E03 /* ProfileView.swift */ = {isa = PBXFileReference; lastKnownFileType = sourcecode.swift; path = ProfileView.swift; sourceTree = "<group>"; };
		0439AF4427B166B300E14E03 /* SubscribeFilterCell.swift */ = {isa = PBXFileReference; lastKnownFileType = sourcecode.swift; path = SubscribeFilterCell.swift; sourceTree = "<group>"; };
		0439AF4627B171EB00E14E03 /* DetailContentViewController.swift */ = {isa = PBXFileReference; lastKnownFileType = sourcecode.swift; path = DetailContentViewController.swift; sourceTree = "<group>"; };
		0439AF4A27B1EBBF00E14E03 /* FeedViewController.swift */ = {isa = PBXFileReference; lastKnownFileType = sourcecode.swift; path = FeedViewController.swift; sourceTree = "<group>"; };
		0464F9BF27A578AA0054FD83 /* Kkamagnoon.app */ = {isa = PBXFileReference; explicitFileType = wrapper.application; includeInIndex = 0; path = Kkamagnoon.app; sourceTree = BUILT_PRODUCTS_DIR; };
		0464F9C227A578AA0054FD83 /* AppDelegate.swift */ = {isa = PBXFileReference; lastKnownFileType = sourcecode.swift; path = AppDelegate.swift; sourceTree = "<group>"; };
		0464F9C427A578AA0054FD83 /* SceneDelegate.swift */ = {isa = PBXFileReference; lastKnownFileType = sourcecode.swift; path = SceneDelegate.swift; sourceTree = "<group>"; };
		0464F9C927A578AA0054FD83 /* Base */ = {isa = PBXFileReference; lastKnownFileType = file.storyboard; name = Base; path = Base.lproj/Main.storyboard; sourceTree = "<group>"; };
		0464F9CB27A578AE0054FD83 /* Assets.xcassets */ = {isa = PBXFileReference; lastKnownFileType = folder.assetcatalog; path = Assets.xcassets; sourceTree = "<group>"; };
		0464F9CE27A578AE0054FD83 /* Base */ = {isa = PBXFileReference; lastKnownFileType = file.storyboard; name = Base; path = Base.lproj/LaunchScreen.storyboard; sourceTree = "<group>"; };
		0464F9D027A578AE0054FD83 /* Info.plist */ = {isa = PBXFileReference; lastKnownFileType = text.plist.xml; path = Info.plist; sourceTree = "<group>"; };
		0464F9D527A578AE0054FD83 /* KkamagnoonTests.xctest */ = {isa = PBXFileReference; explicitFileType = wrapper.cfbundle; includeInIndex = 0; path = KkamagnoonTests.xctest; sourceTree = BUILT_PRODUCTS_DIR; };
		0464F9D927A578AE0054FD83 /* KkamagnoonTests.swift */ = {isa = PBXFileReference; lastKnownFileType = sourcecode.swift; path = KkamagnoonTests.swift; sourceTree = "<group>"; };
		0464F9DF27A578AE0054FD83 /* KkamagnoonUITests.xctest */ = {isa = PBXFileReference; explicitFileType = wrapper.cfbundle; includeInIndex = 0; path = KkamagnoonUITests.xctest; sourceTree = BUILT_PRODUCTS_DIR; };
		0464F9E327A578AE0054FD83 /* KkamagnoonUITests.swift */ = {isa = PBXFileReference; lastKnownFileType = sourcecode.swift; path = KkamagnoonUITests.swift; sourceTree = "<group>"; };
		0464F9E527A578AE0054FD83 /* KkamagnoonUITestsLaunchTests.swift */ = {isa = PBXFileReference; lastKnownFileType = sourcecode.swift; path = KkamagnoonUITestsLaunchTests.swift; sourceTree = "<group>"; };
		048D44AB27AF592D0031974D /* TabBarViewController.swift */ = {isa = PBXFileReference; lastKnownFileType = sourcecode.swift; path = TabBarViewController.swift; sourceTree = "<group>"; };
		048D44B627AF5D0F0031974D /* MyPageViewController.swift */ = {isa = PBXFileReference; lastKnownFileType = sourcecode.swift; path = MyPageViewController.swift; sourceTree = "<group>"; };
		048D44B827AF5D5A0031974D /* RelayViewController.swift */ = {isa = PBXFileReference; lastKnownFileType = sourcecode.swift; path = RelayViewController.swift; sourceTree = "<group>"; };
		048D44BC27AF5D7D0031974D /* MyWritingViewController.swift */ = {isa = PBXFileReference; lastKnownFileType = sourcecode.swift; path = MyWritingViewController.swift; sourceTree = "<group>"; };
		048D44BE27AF5D930031974D /* ChallengeViewController.swift */ = {isa = PBXFileReference; lastKnownFileType = sourcecode.swift; path = ChallengeViewController.swift; sourceTree = "<group>"; };
		048D44C127AF5E030031974D /* StringConverter.swift */ = {isa = PBXFileReference; lastKnownFileType = sourcecode.swift; path = StringConverter.swift; sourceTree = "<group>"; };
		04A40D3327BE1C5C004DAB19 /* RelayViewModel.swift */ = {isa = PBXFileReference; lastKnownFileType = sourcecode.swift; path = RelayViewModel.swift; sourceTree = "<group>"; };
		04A40D3627BE25E3004DAB19 /* File.swift */ = {isa = PBXFileReference; lastKnownFileType = sourcecode.swift; path = File.swift; sourceTree = "<group>"; };
		04C95FBE27B548DA00A0F840 /* FeedService.swift */ = {isa = PBXFileReference; lastKnownFileType = sourcecode.swift; path = FeedService.swift; sourceTree = "<group>"; };
		04C95FC027B5495800A0F840 /* FeedViewModel.swift */ = {isa = PBXFileReference; lastKnownFileType = sourcecode.swift; path = FeedViewModel.swift; sourceTree = "<group>"; };
		04C95FC527B55E9800A0F840 /* FeedModel.swift */ = {isa = PBXFileReference; lastKnownFileType = sourcecode.swift; path = FeedModel.swift; sourceTree = "<group>"; };
		04C95FCA27B5F1A500A0F840 /* TokenUtils.swift */ = {isa = PBXFileReference; lastKnownFileType = sourcecode.swift; path = TokenUtils.swift; sourceTree = "<group>"; };
		04C95FCC27B6730200A0F840 /* TopButtonView.swift */ = {isa = PBXFileReference; lastKnownFileType = sourcecode.swift; path = TopButtonView.swift; sourceTree = "<group>"; };
		04C95FD027B68AD400A0F840 /* TagListView.swift */ = {isa = PBXFileReference; lastKnownFileType = sourcecode.swift; path = TagListView.swift; sourceTree = "<group>"; };
		04C95FD427B68E8900A0F840 /* AuthorListView.swift */ = {isa = PBXFileReference; lastKnownFileType = sourcecode.swift; path = AuthorListView.swift; sourceTree = "<group>"; };
		04DAAE5027B1FDB300AECFE4 /* WholeFeedView.swift */ = {isa = PBXFileReference; lastKnownFileType = sourcecode.swift; path = WholeFeedView.swift; sourceTree = "<group>"; };
		04DAAE5227B2121600AECFE4 /* FeedView.swift */ = {isa = PBXFileReference; lastKnownFileType = sourcecode.swift; path = FeedView.swift; sourceTree = "<group>"; };
		04DAAE5427B29EB700AECFE4 /* SubscribeFeedView.swift */ = {isa = PBXFileReference; lastKnownFileType = sourcecode.swift; path = SubscribeFeedView.swift; sourceTree = "<group>"; };
		04DAAE5927B2B1F500AECFE4 /* FlexibleDecode.swift */ = {isa = PBXFileReference; lastKnownFileType = sourcecode.swift; path = FlexibleDecode.swift; sourceTree = "<group>"; };
		04DAAE5B27B2CE5100AECFE4 /* BottomReactionView.swift */ = {isa = PBXFileReference; lastKnownFileType = sourcecode.swift; path = BottomReactionView.swift; sourceTree = "<group>"; };
		04DAAE5D27B3C64500AECFE4 /* CustomColor.swift */ = {isa = PBXFileReference; lastKnownFileType = sourcecode.swift; path = CustomColor.swift; sourceTree = "<group>"; };
		04DAAE5F27B3EA0500AECFE4 /* SubscribeListViewController.swift */ = {isa = PBXFileReference; lastKnownFileType = sourcecode.swift; path = SubscribeListViewController.swift; sourceTree = "<group>"; };
		04DAAE6127B3F41900AECFE4 /* SubscribeListCell.swift */ = {isa = PBXFileReference; lastKnownFileType = sourcecode.swift; path = SubscribeListCell.swift; sourceTree = "<group>"; };
		04DAAE6327B4196F00AECFE4 /* BottomSheetViewController.swift */ = {isa = PBXFileReference; lastKnownFileType = sourcecode.swift; path = BottomSheetViewController.swift; sourceTree = "<group>"; };
		04DAAE6527B4C03A00AECFE4 /* CommentCell.swift */ = {isa = PBXFileReference; lastKnownFileType = sourcecode.swift; path = CommentCell.swift; sourceTree = "<group>"; };
		04DAAE6727B4D0D600AECFE4 /* WritingCommentView.swift */ = {isa = PBXFileReference; lastKnownFileType = sourcecode.swift; path = WritingCommentView.swift; sourceTree = "<group>"; };
		18CC5DE48442606CD4F34580 /* Pods-Kkamagnoon.release.xcconfig */ = {isa = PBXFileReference; includeInIndex = 1; lastKnownFileType = text.xcconfig; name = "Pods-Kkamagnoon.release.xcconfig"; path = "Target Support Files/Pods-Kkamagnoon/Pods-Kkamagnoon.release.xcconfig"; sourceTree = "<group>"; };
		21B18F934232A8239C156F77 /* Pods_Kkamagnoon.framework */ = {isa = PBXFileReference; explicitFileType = wrapper.framework; includeInIndex = 0; path = Pods_Kkamagnoon.framework; sourceTree = BUILT_PRODUCTS_DIR; };
		24838BE1B7D5491B5C97CEAF /* Pods-KkamagnoonTests.release.xcconfig */ = {isa = PBXFileReference; includeInIndex = 1; lastKnownFileType = text.xcconfig; name = "Pods-KkamagnoonTests.release.xcconfig"; path = "Target Support Files/Pods-KkamagnoonTests/Pods-KkamagnoonTests.release.xcconfig"; sourceTree = "<group>"; };
		3CAD58F2BFA2515C25236C96 /* Pods-Kkamagnoon-KkamagnoonUITests.release.xcconfig */ = {isa = PBXFileReference; includeInIndex = 1; lastKnownFileType = text.xcconfig; name = "Pods-Kkamagnoon-KkamagnoonUITests.release.xcconfig"; path = "Target Support Files/Pods-Kkamagnoon-KkamagnoonUITests/Pods-Kkamagnoon-KkamagnoonUITests.release.xcconfig"; sourceTree = "<group>"; };
		A986D28ED4D456322F64EB2A /* Pods-KkamagnoonTests.debug.xcconfig */ = {isa = PBXFileReference; includeInIndex = 1; lastKnownFileType = text.xcconfig; name = "Pods-KkamagnoonTests.debug.xcconfig"; path = "Target Support Files/Pods-KkamagnoonTests/Pods-KkamagnoonTests.debug.xcconfig"; sourceTree = "<group>"; };
		BB0DF68CBDDA26E710E01D6C /* Pods-Kkamagnoon-KkamagnoonUITests.debug.xcconfig */ = {isa = PBXFileReference; includeInIndex = 1; lastKnownFileType = text.xcconfig; name = "Pods-Kkamagnoon-KkamagnoonUITests.debug.xcconfig"; path = "Target Support Files/Pods-Kkamagnoon-KkamagnoonUITests/Pods-Kkamagnoon-KkamagnoonUITests.debug.xcconfig"; sourceTree = "<group>"; };
		BEA8A731D028EF2AE2C2F844 /* Pods_KkamagnoonTests.framework */ = {isa = PBXFileReference; explicitFileType = wrapper.framework; includeInIndex = 0; path = Pods_KkamagnoonTests.framework; sourceTree = BUILT_PRODUCTS_DIR; };
		C1B9332CCBFC0C9DE0C86E33 /* Pods-Kkamagnoon.debug.xcconfig */ = {isa = PBXFileReference; includeInIndex = 1; lastKnownFileType = text.xcconfig; name = "Pods-Kkamagnoon.debug.xcconfig"; path = "Target Support Files/Pods-Kkamagnoon/Pods-Kkamagnoon.debug.xcconfig"; sourceTree = "<group>"; };
		D320D1CF105BFC278E7F0256 /* Pods_Kkamagnoon_KkamagnoonUITests.framework */ = {isa = PBXFileReference; explicitFileType = wrapper.framework; includeInIndex = 0; path = Pods_Kkamagnoon_KkamagnoonUITests.framework; sourceTree = BUILT_PRODUCTS_DIR; };
/* End PBXFileReference section */

/* Begin PBXFrameworksBuildPhase section */
		0464F9BC27A578AA0054FD83 /* Frameworks */ = {
			isa = PBXFrameworksBuildPhase;
			buildActionMask = 2147483647;
			files = (
				59262A405FB52911AA2ACCF1 /* Pods_Kkamagnoon.framework in Frameworks */,
			);
			runOnlyForDeploymentPostprocessing = 0;
		};
		0464F9D227A578AE0054FD83 /* Frameworks */ = {
			isa = PBXFrameworksBuildPhase;
			buildActionMask = 2147483647;
			files = (
				4772DCC31D58F618A0C97067 /* Pods_KkamagnoonTests.framework in Frameworks */,
			);
			runOnlyForDeploymentPostprocessing = 0;
		};
		0464F9DC27A578AE0054FD83 /* Frameworks */ = {
			isa = PBXFrameworksBuildPhase;
			buildActionMask = 2147483647;
			files = (
				DA3759104807120025675467 /* Pods_Kkamagnoon_KkamagnoonUITests.framework in Frameworks */,
			);
			runOnlyForDeploymentPostprocessing = 0;
		};
/* End PBXFrameworksBuildPhase section */

/* Begin PBXGroup section */
		040790A227B7FBEE006C5374 /* Core */ = {
			isa = PBXGroup;
			children = (
				04C95FCA27B5F1A500A0F840 /* TokenUtils.swift */,
				0407909827B7CB38006C5374 /* EndPoint.swift */,
				0407909A27B7D232006C5374 /* NetworkError.swift */,
			);
			path = Core;
			sourceTree = "<group>";
		};
		040790B527B90D5E006C5374 /* Font */ = {
			isa = PBXGroup;
			children = (
				040790BB27B90E44006C5374 /* Pretendard-Black.otf */,
				040790B827B90E44006C5374 /* Pretendard-Bold.otf */,
				040790B727B90E43006C5374 /* Pretendard-ExtraBold.otf */,
				040790BC27B90E44006C5374 /* Pretendard-ExtraLight.otf */,
				040790B927B90E44006C5374 /* Pretendard-Light.otf */,
				040790B627B90E43006C5374 /* Pretendard-Medium.otf */,
				040790BA27B90E44006C5374 /* Pretendard-Regular.otf */,
				040790BD27B90E44006C5374 /* Pretendard-SemiBold.otf */,
				040790BE27B90E44006C5374 /* Pretendard-Thin.otf */,
			);
			path = Font;
			sourceTree = "<group>";
		};
		040790DE27B9696E006C5374 /* Relay */ = {
			isa = PBXGroup;
			children = (
				040790E327B9F604006C5374 /* Cell */,
				040790DF27B969A9006C5374 /* RelayRoomView.swift */,
				040790E627BA0D19006C5374 /* LeftAlignedCollectionViewFlowLayout.swift */,
				040790EC27BA2AFF006C5374 /* RelayDetailView.swift */,
				040790F827BB4E42006C5374 /* MakingRoomButton.swift */,
				040790FA27BB53F4006C5374 /* MakingRelayView.swift */,
				0407910227BBAA0C006C5374 /* PairView.swift */,
				0407910427BBD70E006C5374 /* BottomBar.swift */,
				0407910827BBDD68006C5374 /* ParticipantListView.swift */,
			);
			path = Relay;
			sourceTree = "<group>";
		};
		040790E327B9F604006C5374 /* Cell */ = {
			isa = PBXGroup;
			children = (
				040790E127B9F57C006C5374 /* RelayRoomCell.swift */,
				040790EE27BA6483006C5374 /* RelayContentCell.swift */,
				040790F027BA65ED006C5374 /* RelayTitleCell.swift */,
				0407910027BBA0C6006C5374 /* SelectingTagCell.swift */,
				0407910A27BBE003006C5374 /* ParticipantCell.swift */,
			);
			path = Cell;
			sourceTree = "<group>";
		};
		0439AF2927AFAB4300E14E03 /* Feed */ = {
			isa = PBXGroup;
			children = (
				04C95FD227B68BF900A0F840 /* Cell */,
				04DAAE5027B1FDB300AECFE4 /* WholeFeedView.swift */,
				04DAAE5227B2121600AECFE4 /* FeedView.swift */,
				04DAAE5427B29EB700AECFE4 /* SubscribeFeedView.swift */,
				040790B327B8F03D006C5374 /* DetailView.swift */,
			);
			path = Feed;
			sourceTree = "<group>";
		};
		0464F9B627A578AA0054FD83 = {
			isa = PBXGroup;
			children = (
				0464F9C127A578AA0054FD83 /* Kkamagnoon */,
				0464F9D827A578AE0054FD83 /* KkamagnoonTests */,
				0464F9E227A578AE0054FD83 /* KkamagnoonUITests */,
				0464F9C027A578AA0054FD83 /* Products */,
				2944082E5D2EC83FE904B05C /* Pods */,
				DD0640112B4CEF6C1359FAFB /* Frameworks */,
			);
			sourceTree = "<group>";
		};
		0464F9C027A578AA0054FD83 /* Products */ = {
			isa = PBXGroup;
			children = (
				0464F9BF27A578AA0054FD83 /* Kkamagnoon.app */,
				0464F9D527A578AE0054FD83 /* KkamagnoonTests.xctest */,
				0464F9DF27A578AE0054FD83 /* KkamagnoonUITests.xctest */,
			);
			name = Products;
			sourceTree = "<group>";
		};
		0464F9C127A578AA0054FD83 /* Kkamagnoon */ = {
			isa = PBXGroup;
			children = (
				040790B527B90D5E006C5374 /* Font */,
				04DAAE5827B2B1DE00AECFE4 /* Extension */,
				048D44C027AF5DD70031974D /* Types */,
				04D0637627AEC30A005EB16C /* Delegate */,
				04D0637527AEC251005EB16C /* Service */,
				04D0637427AEC0F6005EB16C /* View */,
				04D0637327AEC0E6005EB16C /* ViewController */,
				04D0637227AEC0D9005EB16C /* ViewModel */,
				04D0637127AEC0C0005EB16C /* Model */,
				0464F9C827A578AA0054FD83 /* Main.storyboard */,
				0464F9CB27A578AE0054FD83 /* Assets.xcassets */,
				0464F9CD27A578AE0054FD83 /* LaunchScreen.storyboard */,
				0464F9D027A578AE0054FD83 /* Info.plist */,
			);
			path = Kkamagnoon;
			sourceTree = "<group>";
		};
		0464F9D827A578AE0054FD83 /* KkamagnoonTests */ = {
			isa = PBXGroup;
			children = (
				0464F9D927A578AE0054FD83 /* KkamagnoonTests.swift */,
			);
			path = KkamagnoonTests;
			sourceTree = "<group>";
		};
		0464F9E227A578AE0054FD83 /* KkamagnoonUITests */ = {
			isa = PBXGroup;
			children = (
				0464F9E327A578AE0054FD83 /* KkamagnoonUITests.swift */,
				0464F9E527A578AE0054FD83 /* KkamagnoonUITestsLaunchTests.swift */,
			);
			path = KkamagnoonUITests;
			sourceTree = "<group>";
		};
		048D44AA27AF58BE0031974D /* Tabbar */ = {
			isa = PBXGroup;
			children = (
				048D44AB27AF592D0031974D /* TabBarViewController.swift */,
			);
			path = Tabbar;
			sourceTree = "<group>";
		};
		048D44AD27AF5B8F0031974D /* Challenge */ = {
			isa = PBXGroup;
			children = (
				048D44BE27AF5D930031974D /* ChallengeViewController.swift */,
			);
			path = Challenge;
			sourceTree = "<group>";
		};
		048D44AE27AF5BCB0031974D /* MyWriting */ = {
			isa = PBXGroup;
			children = (
				048D44BC27AF5D7D0031974D /* MyWritingViewController.swift */,
			);
			path = MyWriting;
			sourceTree = "<group>";
		};
		048D44B327AF5CCB0031974D /* Feed */ = {
			isa = PBXGroup;
			children = (
				0439AF4627B171EB00E14E03 /* DetailContentViewController.swift */,
				0439AF4A27B1EBBF00E14E03 /* FeedViewController.swift */,
				04DAAE5F27B3EA0500AECFE4 /* SubscribeListViewController.swift */,
				04DAAE6327B4196F00AECFE4 /* BottomSheetViewController.swift */,
			);
			path = Feed;
			sourceTree = "<group>";
		};
		048D44B427AF5CD50031974D /* Relay */ = {
			isa = PBXGroup;
			children = (
				048D44B827AF5D5A0031974D /* RelayViewController.swift */,
				040790EA27BA24C1006C5374 /* RelayDetailViewController.swift */,
				040790F227BA75B2006C5374 /* PopUpViewController.swift */,
				040790F627BB4C7E006C5374 /* MakingRelayRoomViewController.swift */,
				040790FE27BB96C0006C5374 /* SelectTagViewController.swift */,
				0407910627BBDC53006C5374 /* ParticipantViewController.swift */,
			);
			path = Relay;
			sourceTree = "<group>";
		};
		048D44B527AF5CE10031974D /* MyPage */ = {
			isa = PBXGroup;
			children = (
				048D44B627AF5D0F0031974D /* MyPageViewController.swift */,
			);
			path = MyPage;
			sourceTree = "<group>";
		};
		048D44C027AF5DD70031974D /* Types */ = {
			isa = PBXGroup;
			children = (
				048D44C127AF5E030031974D /* StringConverter.swift */,
				04DAAE5D27B3C64500AECFE4 /* CustomColor.swift */,
			);
			path = Types;
			sourceTree = "<group>";
		};
		04A40D3227BE1C49004DAB19 /* Relay */ = {
			isa = PBXGroup;
			children = (
				04A40D3327BE1C5C004DAB19 /* RelayViewModel.swift */,
			);
			path = Relay;
			sourceTree = "<group>";
		};
		04A40D3527BE25B1004DAB19 /* Relay */ = {
			isa = PBXGroup;
			children = (
				04A40D3627BE25E3004DAB19 /* File.swift */,
			);
			path = Relay;
			sourceTree = "<group>";
		};
		04C95FBA27B5328200A0F840 /* Feed */ = {
			isa = PBXGroup;
			children = (
				04C95FC027B5495800A0F840 /* FeedViewModel.swift */,
			);
			path = Feed;
			sourceTree = "<group>";
		};
		04C95FBB27B5440C00A0F840 /* Feed */ = {
			isa = PBXGroup;
			children = (
				0407909C27B7DD9E006C5374 /* FeedEndPointCases.swift */,
				04C95FBE27B548DA00A0F840 /* FeedService.swift */,
			);
			path = Feed;
			sourceTree = "<group>";
		};
		04C95FC427B55E8600A0F840 /* Feed */ = {
			isa = PBXGroup;
			children = (
				04C95FC527B55E9800A0F840 /* FeedModel.swift */,
			);
			path = Feed;
			sourceTree = "<group>";
		};
		04C95FD227B68BF900A0F840 /* Cell */ = {
			isa = PBXGroup;
			children = (
				04DAAE6527B4C03A00AECFE4 /* CommentCell.swift */,
				04DAAE6127B3F41900AECFE4 /* SubscribeListCell.swift */,
				0439AF4427B166B300E14E03 /* SubscribeFilterCell.swift */,
				0439AF3027AFF97300E14E03 /* FeedCell.swift */,
				0439AF2C27AFAF7000E14E03 /* CategoryFilterCell.swift */,
			);
			path = Cell;
			sourceTree = "<group>";
		};
		04C95FD327B68C4400A0F840 /* Reusable */ = {
			isa = PBXGroup;
			children = (
				0439AF3227B0B0A000E14E03 /* ArticleListView.swift */,
				04DAAE6727B4D0D600AECFE4 /* WritingCommentView.swift */,
				0439AF3427B0B4AF00E14E03 /* ProfileView.swift */,
				04DAAE5B27B2CE5100AECFE4 /* BottomReactionView.swift */,
				04C95FD027B68AD400A0F840 /* TagListView.swift */,
				04C95FCC27B6730200A0F840 /* TopButtonView.swift */,
				04C95FD427B68E8900A0F840 /* AuthorListView.swift */,
				040790AD27B8B3F8006C5374 /* TagView.swift */,
				040790B127B8DFDD006C5374 /* ImageLabelView.swift */,
				040790DC27B94125006C5374 /* GrayBorderView.swift */,
				040790F427BA76CC006C5374 /* PopUpView.swift */,
				040790FC27BB5F93006C5374 /* ShortTextView.swift */,
			);
			path = Reusable;
			sourceTree = "<group>";
		};
		04D0637127AEC0C0005EB16C /* Model */ = {
			isa = PBXGroup;
			children = (
				04A40D3527BE25B1004DAB19 /* Relay */,
				04C95FC427B55E8600A0F840 /* Feed */,
			);
			path = Model;
			sourceTree = "<group>";
		};
		04D0637227AEC0D9005EB16C /* ViewModel */ = {
			isa = PBXGroup;
			children = (
				04A40D3227BE1C49004DAB19 /* Relay */,
				04C95FBA27B5328200A0F840 /* Feed */,
			);
			path = ViewModel;
			sourceTree = "<group>";
		};
		04D0637327AEC0E6005EB16C /* ViewController */ = {
			isa = PBXGroup;
			children = (
				048D44B527AF5CE10031974D /* MyPage */,
				048D44B427AF5CD50031974D /* Relay */,
				048D44B327AF5CCB0031974D /* Feed */,
				048D44AE27AF5BCB0031974D /* MyWriting */,
				048D44AD27AF5B8F0031974D /* Challenge */,
				048D44AA27AF58BE0031974D /* Tabbar */,
			);
			path = ViewController;
			sourceTree = "<group>";
		};
		04D0637427AEC0F6005EB16C /* View */ = {
			isa = PBXGroup;
			children = (
				04C95FD327B68C4400A0F840 /* Reusable */,
				040790DE27B9696E006C5374 /* Relay */,
				0439AF2927AFAB4300E14E03 /* Feed */,
			);
			path = View;
			sourceTree = "<group>";
		};
		04D0637527AEC251005EB16C /* Service */ = {
			isa = PBXGroup;
			children = (
				040790A227B7FBEE006C5374 /* Core */,
				04C95FBB27B5440C00A0F840 /* Feed */,
			);
			path = Service;
			sourceTree = "<group>";
		};
		04D0637627AEC30A005EB16C /* Delegate */ = {
			isa = PBXGroup;
			children = (
				0464F9C227A578AA0054FD83 /* AppDelegate.swift */,
				0464F9C427A578AA0054FD83 /* SceneDelegate.swift */,
			);
			path = Delegate;
			sourceTree = "<group>";
		};
		04DAAE5827B2B1DE00AECFE4 /* Extension */ = {
			isa = PBXGroup;
			children = (
				04DAAE5927B2B1F500AECFE4 /* FlexibleDecode.swift */,
				040790A327B895D1006C5374 /* View.swift */,
				040790A527B8960D006C5374 /* Color.swift */,
				040790A727B8964E006C5374 /* String.swift */,
				040790A927B89701006C5374 /* Decode.swift */,
				040790AB27B89777006C5374 /* Notification.swift */,
				040790AF27B8DE9C006C5374 /* Font.swift */,
				040790DA27B92620006C5374 /* TextView.swift */,
			);
			path = Extension;
			sourceTree = "<group>";
		};
		2944082E5D2EC83FE904B05C /* Pods */ = {
			isa = PBXGroup;
			children = (
				C1B9332CCBFC0C9DE0C86E33 /* Pods-Kkamagnoon.debug.xcconfig */,
				18CC5DE48442606CD4F34580 /* Pods-Kkamagnoon.release.xcconfig */,
				BB0DF68CBDDA26E710E01D6C /* Pods-Kkamagnoon-KkamagnoonUITests.debug.xcconfig */,
				3CAD58F2BFA2515C25236C96 /* Pods-Kkamagnoon-KkamagnoonUITests.release.xcconfig */,
				A986D28ED4D456322F64EB2A /* Pods-KkamagnoonTests.debug.xcconfig */,
				24838BE1B7D5491B5C97CEAF /* Pods-KkamagnoonTests.release.xcconfig */,
			);
			path = Pods;
			sourceTree = "<group>";
		};
		DD0640112B4CEF6C1359FAFB /* Frameworks */ = {
			isa = PBXGroup;
			children = (
				21B18F934232A8239C156F77 /* Pods_Kkamagnoon.framework */,
				D320D1CF105BFC278E7F0256 /* Pods_Kkamagnoon_KkamagnoonUITests.framework */,
				BEA8A731D028EF2AE2C2F844 /* Pods_KkamagnoonTests.framework */,
			);
			name = Frameworks;
			sourceTree = "<group>";
		};
/* End PBXGroup section */

/* Begin PBXNativeTarget section */
		0464F9BE27A578AA0054FD83 /* Kkamagnoon */ = {
			isa = PBXNativeTarget;
			buildConfigurationList = 0464F9E927A578AE0054FD83 /* Build configuration list for PBXNativeTarget "Kkamagnoon" */;
			buildPhases = (
				084DC6736E77E2F561BBA9EC /* [CP] Check Pods Manifest.lock */,
				0464F9BB27A578AA0054FD83 /* Sources */,
				0464F9BC27A578AA0054FD83 /* Frameworks */,
				0464F9BD27A578AA0054FD83 /* Resources */,
				04856F7427A6A8240081D1D8 /* ShellScript */,
				962B4FCF990EACBD5EE28DDF /* [CP] Embed Pods Frameworks */,
			);
			buildRules = (
			);
			dependencies = (
			);
			name = Kkamagnoon;
			productName = Kkamagnoon;
			productReference = 0464F9BF27A578AA0054FD83 /* Kkamagnoon.app */;
			productType = "com.apple.product-type.application";
		};
		0464F9D427A578AE0054FD83 /* KkamagnoonTests */ = {
			isa = PBXNativeTarget;
			buildConfigurationList = 0464F9EC27A578AE0054FD83 /* Build configuration list for PBXNativeTarget "KkamagnoonTests" */;
			buildPhases = (
				EACDCC517B22494FEBCB20A8 /* [CP] Check Pods Manifest.lock */,
				0464F9D127A578AE0054FD83 /* Sources */,
				0464F9D227A578AE0054FD83 /* Frameworks */,
				0464F9D327A578AE0054FD83 /* Resources */,
			);
			buildRules = (
			);
			dependencies = (
				0464F9D727A578AE0054FD83 /* PBXTargetDependency */,
			);
			name = KkamagnoonTests;
			productName = KkamagnoonTests;
			productReference = 0464F9D527A578AE0054FD83 /* KkamagnoonTests.xctest */;
			productType = "com.apple.product-type.bundle.unit-test";
		};
		0464F9DE27A578AE0054FD83 /* KkamagnoonUITests */ = {
			isa = PBXNativeTarget;
			buildConfigurationList = 0464F9EF27A578AE0054FD83 /* Build configuration list for PBXNativeTarget "KkamagnoonUITests" */;
			buildPhases = (
				9E666BFA9AEEB1AA0B4151EC /* [CP] Check Pods Manifest.lock */,
				0464F9DB27A578AE0054FD83 /* Sources */,
				0464F9DC27A578AE0054FD83 /* Frameworks */,
				0464F9DD27A578AE0054FD83 /* Resources */,
				7DAB17FFEDA691989AB662C5 /* [CP] Embed Pods Frameworks */,
			);
			buildRules = (
			);
			dependencies = (
				0464F9E127A578AE0054FD83 /* PBXTargetDependency */,
			);
			name = KkamagnoonUITests;
			productName = KkamagnoonUITests;
			productReference = 0464F9DF27A578AE0054FD83 /* KkamagnoonUITests.xctest */;
			productType = "com.apple.product-type.bundle.ui-testing";
		};
/* End PBXNativeTarget section */

/* Begin PBXProject section */
		0464F9B727A578AA0054FD83 /* Project object */ = {
			isa = PBXProject;
			attributes = {
				BuildIndependentTargetsInParallel = 1;
				LastSwiftUpdateCheck = 1320;
				LastUpgradeCheck = 1320;
				TargetAttributes = {
					0464F9BE27A578AA0054FD83 = {
						CreatedOnToolsVersion = 13.2.1;
					};
					0464F9D427A578AE0054FD83 = {
						CreatedOnToolsVersion = 13.2.1;
						TestTargetID = 0464F9BE27A578AA0054FD83;
					};
					0464F9DE27A578AE0054FD83 = {
						CreatedOnToolsVersion = 13.2.1;
						TestTargetID = 0464F9BE27A578AA0054FD83;
					};
				};
			};
			buildConfigurationList = 0464F9BA27A578AA0054FD83 /* Build configuration list for PBXProject "Kkamagnoon" */;
			compatibilityVersion = "Xcode 13.0";
			developmentRegion = en;
			hasScannedForEncodings = 0;
			knownRegions = (
				en,
				Base,
			);
			mainGroup = 0464F9B627A578AA0054FD83;
			productRefGroup = 0464F9C027A578AA0054FD83 /* Products */;
			projectDirPath = "";
			projectRoot = "";
			targets = (
				0464F9BE27A578AA0054FD83 /* Kkamagnoon */,
				0464F9D427A578AE0054FD83 /* KkamagnoonTests */,
				0464F9DE27A578AE0054FD83 /* KkamagnoonUITests */,
			);
		};
/* End PBXProject section */

/* Begin PBXResourcesBuildPhase section */
		0464F9BD27A578AA0054FD83 /* Resources */ = {
			isa = PBXResourcesBuildPhase;
			buildActionMask = 2147483647;
			files = (
				040790C827B90E68006C5374 /* Pretendard-ExtraLight.otf in Resources */,
				040790CB27B90E6C006C5374 /* Pretendard-Light.otf in Resources */,
				0464F9CF27A578AE0054FD83 /* LaunchScreen.storyboard in Resources */,
				040790D727B90E7B006C5374 /* Pretendard-SemiBold.otf in Resources */,
				040790C227B90E61006C5374 /* Pretendard-Bold.otf in Resources */,
				040790C527B90E64006C5374 /* Pretendard-ExtraBold.otf in Resources */,
				0464F9CC27A578AE0054FD83 /* Assets.xcassets in Resources */,
				040790BF27B90E5C006C5374 /* Pretendard-Black.otf in Resources */,
				040790D127B90E73006C5374 /* Pretendard-Regular.otf in Resources */,
				0464F9CA27A578AA0054FD83 /* Main.storyboard in Resources */,
				040790D427B90E77006C5374 /* Pretendard-Thin.otf in Resources */,
				040790CE27B90E70006C5374 /* Pretendard-Medium.otf in Resources */,
			);
			runOnlyForDeploymentPostprocessing = 0;
		};
		0464F9D327A578AE0054FD83 /* Resources */ = {
			isa = PBXResourcesBuildPhase;
			buildActionMask = 2147483647;
			files = (
				040790C027B90E5D006C5374 /* Pretendard-Black.otf in Resources */,
				040790C327B90E61006C5374 /* Pretendard-Bold.otf in Resources */,
				040790C927B90E68006C5374 /* Pretendard-ExtraLight.otf in Resources */,
				040790D527B90E78006C5374 /* Pretendard-Thin.otf in Resources */,
				040790CC27B90E6C006C5374 /* Pretendard-Light.otf in Resources */,
				040790D327B90E74006C5374 /* Pretendard-Regular.otf in Resources */,
				040790D827B90E7C006C5374 /* Pretendard-SemiBold.otf in Resources */,
				040790C627B90E65006C5374 /* Pretendard-ExtraBold.otf in Resources */,
				040790CF27B90E71006C5374 /* Pretendard-Medium.otf in Resources */,
			);
			runOnlyForDeploymentPostprocessing = 0;
		};
		0464F9DD27A578AE0054FD83 /* Resources */ = {
			isa = PBXResourcesBuildPhase;
			buildActionMask = 2147483647;
			files = (
				040790C127B90E5E006C5374 /* Pretendard-Black.otf in Resources */,
				040790C427B90E62006C5374 /* Pretendard-Bold.otf in Resources */,
				040790CA27B90E69006C5374 /* Pretendard-ExtraLight.otf in Resources */,
				040790D627B90E78006C5374 /* Pretendard-Thin.otf in Resources */,
				040790CD27B90E6E006C5374 /* Pretendard-Light.otf in Resources */,
				040790D227B90E74006C5374 /* Pretendard-Regular.otf in Resources */,
				040790D927B90E7D006C5374 /* Pretendard-SemiBold.otf in Resources */,
				040790C727B90E65006C5374 /* Pretendard-ExtraBold.otf in Resources */,
				040790D027B90E71006C5374 /* Pretendard-Medium.otf in Resources */,
			);
			runOnlyForDeploymentPostprocessing = 0;
		};
/* End PBXResourcesBuildPhase section */

/* Begin PBXShellScriptBuildPhase section */
		04856F7427A6A8240081D1D8 /* ShellScript */ = {
			isa = PBXShellScriptBuildPhase;
			buildActionMask = 2147483647;
			files = (
			);
			inputFileListPaths = (
			);
			inputPaths = (
			);
			outputFileListPaths = (
			);
			outputPaths = (
			);
			runOnlyForDeploymentPostprocessing = 0;
			shellPath = /bin/sh;
			shellScript = "${PODS_ROOT}/SwiftLint/swiftlint --fix\n";
		};
		084DC6736E77E2F561BBA9EC /* [CP] Check Pods Manifest.lock */ = {
			isa = PBXShellScriptBuildPhase;
			buildActionMask = 2147483647;
			files = (
			);
			inputFileListPaths = (
			);
			inputPaths = (
				"${PODS_PODFILE_DIR_PATH}/Podfile.lock",
				"${PODS_ROOT}/Manifest.lock",
			);
			name = "[CP] Check Pods Manifest.lock";
			outputFileListPaths = (
			);
			outputPaths = (
				"$(DERIVED_FILE_DIR)/Pods-Kkamagnoon-checkManifestLockResult.txt",
			);
			runOnlyForDeploymentPostprocessing = 0;
			shellPath = /bin/sh;
			shellScript = "diff \"${PODS_PODFILE_DIR_PATH}/Podfile.lock\" \"${PODS_ROOT}/Manifest.lock\" > /dev/null\nif [ $? != 0 ] ; then\n    # print error to STDERR\n    echo \"error: The sandbox is not in sync with the Podfile.lock. Run 'pod install' or update your CocoaPods installation.\" >&2\n    exit 1\nfi\n# This output is used by Xcode 'outputs' to avoid re-running this script phase.\necho \"SUCCESS\" > \"${SCRIPT_OUTPUT_FILE_0}\"\n";
			showEnvVarsInLog = 0;
		};
		7DAB17FFEDA691989AB662C5 /* [CP] Embed Pods Frameworks */ = {
			isa = PBXShellScriptBuildPhase;
			buildActionMask = 2147483647;
			files = (
			);
			inputFileListPaths = (
				"${PODS_ROOT}/Target Support Files/Pods-Kkamagnoon-KkamagnoonUITests/Pods-Kkamagnoon-KkamagnoonUITests-frameworks-${CONFIGURATION}-input-files.xcfilelist",
			);
			name = "[CP] Embed Pods Frameworks";
			outputFileListPaths = (
				"${PODS_ROOT}/Target Support Files/Pods-Kkamagnoon-KkamagnoonUITests/Pods-Kkamagnoon-KkamagnoonUITests-frameworks-${CONFIGURATION}-output-files.xcfilelist",
			);
			runOnlyForDeploymentPostprocessing = 0;
			shellPath = /bin/sh;
			shellScript = "\"${PODS_ROOT}/Target Support Files/Pods-Kkamagnoon-KkamagnoonUITests/Pods-Kkamagnoon-KkamagnoonUITests-frameworks.sh\"\n";
			showEnvVarsInLog = 0;
		};
		962B4FCF990EACBD5EE28DDF /* [CP] Embed Pods Frameworks */ = {
			isa = PBXShellScriptBuildPhase;
			buildActionMask = 2147483647;
			files = (
			);
			inputFileListPaths = (
				"${PODS_ROOT}/Target Support Files/Pods-Kkamagnoon/Pods-Kkamagnoon-frameworks-${CONFIGURATION}-input-files.xcfilelist",
			);
			name = "[CP] Embed Pods Frameworks";
			outputFileListPaths = (
				"${PODS_ROOT}/Target Support Files/Pods-Kkamagnoon/Pods-Kkamagnoon-frameworks-${CONFIGURATION}-output-files.xcfilelist",
			);
			runOnlyForDeploymentPostprocessing = 0;
			shellPath = /bin/sh;
			shellScript = "\"${PODS_ROOT}/Target Support Files/Pods-Kkamagnoon/Pods-Kkamagnoon-frameworks.sh\"\n";
			showEnvVarsInLog = 0;
		};
		9E666BFA9AEEB1AA0B4151EC /* [CP] Check Pods Manifest.lock */ = {
			isa = PBXShellScriptBuildPhase;
			buildActionMask = 2147483647;
			files = (
			);
			inputFileListPaths = (
			);
			inputPaths = (
				"${PODS_PODFILE_DIR_PATH}/Podfile.lock",
				"${PODS_ROOT}/Manifest.lock",
			);
			name = "[CP] Check Pods Manifest.lock";
			outputFileListPaths = (
			);
			outputPaths = (
				"$(DERIVED_FILE_DIR)/Pods-Kkamagnoon-KkamagnoonUITests-checkManifestLockResult.txt",
			);
			runOnlyForDeploymentPostprocessing = 0;
			shellPath = /bin/sh;
			shellScript = "diff \"${PODS_PODFILE_DIR_PATH}/Podfile.lock\" \"${PODS_ROOT}/Manifest.lock\" > /dev/null\nif [ $? != 0 ] ; then\n    # print error to STDERR\n    echo \"error: The sandbox is not in sync with the Podfile.lock. Run 'pod install' or update your CocoaPods installation.\" >&2\n    exit 1\nfi\n# This output is used by Xcode 'outputs' to avoid re-running this script phase.\necho \"SUCCESS\" > \"${SCRIPT_OUTPUT_FILE_0}\"\n";
			showEnvVarsInLog = 0;
		};
		EACDCC517B22494FEBCB20A8 /* [CP] Check Pods Manifest.lock */ = {
			isa = PBXShellScriptBuildPhase;
			buildActionMask = 2147483647;
			files = (
			);
			inputFileListPaths = (
			);
			inputPaths = (
				"${PODS_PODFILE_DIR_PATH}/Podfile.lock",
				"${PODS_ROOT}/Manifest.lock",
			);
			name = "[CP] Check Pods Manifest.lock";
			outputFileListPaths = (
			);
			outputPaths = (
				"$(DERIVED_FILE_DIR)/Pods-KkamagnoonTests-checkManifestLockResult.txt",
			);
			runOnlyForDeploymentPostprocessing = 0;
			shellPath = /bin/sh;
			shellScript = "diff \"${PODS_PODFILE_DIR_PATH}/Podfile.lock\" \"${PODS_ROOT}/Manifest.lock\" > /dev/null\nif [ $? != 0 ] ; then\n    # print error to STDERR\n    echo \"error: The sandbox is not in sync with the Podfile.lock. Run 'pod install' or update your CocoaPods installation.\" >&2\n    exit 1\nfi\n# This output is used by Xcode 'outputs' to avoid re-running this script phase.\necho \"SUCCESS\" > \"${SCRIPT_OUTPUT_FILE_0}\"\n";
			showEnvVarsInLog = 0;
		};
/* End PBXShellScriptBuildPhase section */

/* Begin PBXSourcesBuildPhase section */
		0464F9BB27A578AA0054FD83 /* Sources */ = {
			isa = PBXSourcesBuildPhase;
			buildActionMask = 2147483647;
			files = (
				04A40D3427BE1C5C004DAB19 /* RelayViewModel.swift in Sources */,
				0407910927BBDD68006C5374 /* ParticipantListView.swift in Sources */,
				04DAAE6027B3EA0500AECFE4 /* SubscribeListViewController.swift in Sources */,
				040790ED27BA2AFF006C5374 /* RelayDetailView.swift in Sources */,
				048D44B927AF5D5A0031974D /* RelayViewController.swift in Sources */,
				0407909D27B7DD9E006C5374 /* FeedEndPointCases.swift in Sources */,
				0407910727BBDC53006C5374 /* ParticipantViewController.swift in Sources */,
				040790FF27BB96C0006C5374 /* SelectTagViewController.swift in Sources */,
				040790F727BB4C7E006C5374 /* MakingRelayRoomViewController.swift in Sources */,
				048D44BF27AF5D930031974D /* ChallengeViewController.swift in Sources */,
				040790FD27BB5F93006C5374 /* ShortTextView.swift in Sources */,
				040790FB27BB53F4006C5374 /* MakingRelayView.swift in Sources */,
				0439AF4B27B1EBBF00E14E03 /* FeedViewController.swift in Sources */,
				048D44BD27AF5D7D0031974D /* MyWritingViewController.swift in Sources */,
				040790A427B895D1006C5374 /* View.swift in Sources */,
				048D44B727AF5D0F0031974D /* MyPageViewController.swift in Sources */,
				048D44AC27AF592D0031974D /* TabBarViewController.swift in Sources */,
				0439AF4727B171EB00E14E03 /* DetailContentViewController.swift in Sources */,
				04DAAE5A27B2B1F500AECFE4 /* FlexibleDecode.swift in Sources */,
				04C95FD127B68AD400A0F840 /* TagListView.swift in Sources */,
				040790F127BA65ED006C5374 /* RelayTitleCell.swift in Sources */,
				040790DD27B94125006C5374 /* GrayBorderView.swift in Sources */,
				040790AE27B8B3F8006C5374 /* TagView.swift in Sources */,
				04C95FD527B68E8900A0F840 /* AuthorListView.swift in Sources */,
				04C95FBF27B548DA00A0F840 /* FeedService.swift in Sources */,
				040790DB27B92620006C5374 /* TextView.swift in Sources */,
				0407909927B7CB38006C5374 /* EndPoint.swift in Sources */,
				040790F527BA76CC006C5374 /* PopUpView.swift in Sources */,
				04C95FC627B55E9800A0F840 /* FeedModel.swift in Sources */,
				040790E727BA0D19006C5374 /* LeftAlignedCollectionViewFlowLayout.swift in Sources */,
				040790E027B969A9006C5374 /* RelayRoomView.swift in Sources */,
				040790B427B8F03D006C5374 /* DetailView.swift in Sources */,
				0439AF3127AFF97400E14E03 /* FeedCell.swift in Sources */,
				0407910B27BBE003006C5374 /* ParticipantCell.swift in Sources */,
				040790F927BB4E42006C5374 /* MakingRoomButton.swift in Sources */,
				040790A627B8960D006C5374 /* Color.swift in Sources */,
				040790AA27B89701006C5374 /* Decode.swift in Sources */,
				04DAAE6227B3F41900AECFE4 /* SubscribeListCell.swift in Sources */,
				0407909B27B7D232006C5374 /* NetworkError.swift in Sources */,
				04DAAE5327B2121600AECFE4 /* FeedView.swift in Sources */,
				04C95FCB27B5F1A600A0F840 /* TokenUtils.swift in Sources */,
				040790A827B8964E006C5374 /* String.swift in Sources */,
				04C95FC127B5495800A0F840 /* FeedViewModel.swift in Sources */,
				040790B027B8DE9C006C5374 /* Font.swift in Sources */,
				040790EF27BA6483006C5374 /* RelayContentCell.swift in Sources */,
				0464F9C327A578AA0054FD83 /* AppDelegate.swift in Sources */,
				0439AF2D27AFAF7000E14E03 /* CategoryFilterCell.swift in Sources */,
				0407910127BBA0C6006C5374 /* SelectingTagCell.swift in Sources */,
				04DAAE5E27B3C64500AECFE4 /* CustomColor.swift in Sources */,
				04DAAE5C27B2CE5100AECFE4 /* BottomReactionView.swift in Sources */,
				0464F9C527A578AA0054FD83 /* SceneDelegate.swift in Sources */,
				040790EB27BA24C1006C5374 /* RelayDetailViewController.swift in Sources */,
				04A40D3727BE25E3004DAB19 /* File.swift in Sources */,
				04DAAE6427B4196F00AECFE4 /* BottomSheetViewController.swift in Sources */,
				04DAAE5127B1FDB300AECFE4 /* WholeFeedView.swift in Sources */,
				04DAAE6827B4D0D600AECFE4 /* WritingCommentView.swift in Sources */,
				0439AF4527B166B300E14E03 /* SubscribeFilterCell.swift in Sources */,
				0407910527BBD70E006C5374 /* BottomBar.swift in Sources */,
				040790B227B8DFDD006C5374 /* ImageLabelView.swift in Sources */,
				040790E227B9F57C006C5374 /* RelayRoomCell.swift in Sources */,
				0407910327BBAA0C006C5374 /* PairView.swift in Sources */,
				04DAAE5527B29EB700AECFE4 /* SubscribeFeedView.swift in Sources */,
				04C95FCD27B6730200A0F840 /* TopButtonView.swift in Sources */,
				0439AF3327B0B0A000E14E03 /* ArticleListView.swift in Sources */,
				040790F327BA75B2006C5374 /* PopUpViewController.swift in Sources */,
				040790AC27B89777006C5374 /* Notification.swift in Sources */,
				0439AF3527B0B4AF00E14E03 /* ProfileView.swift in Sources */,
				048D44C227AF5E030031974D /* StringConverter.swift in Sources */,
				04DAAE6627B4C03A00AECFE4 /* CommentCell.swift in Sources */,
			);
			runOnlyForDeploymentPostprocessing = 0;
		};
		0464F9D127A578AE0054FD83 /* Sources */ = {
			isa = PBXSourcesBuildPhase;
			buildActionMask = 2147483647;
			files = (
				0464F9DA27A578AE0054FD83 /* KkamagnoonTests.swift in Sources */,
			);
			runOnlyForDeploymentPostprocessing = 0;
		};
		0464F9DB27A578AE0054FD83 /* Sources */ = {
			isa = PBXSourcesBuildPhase;
			buildActionMask = 2147483647;
			files = (
				0464F9E627A578AE0054FD83 /* KkamagnoonUITestsLaunchTests.swift in Sources */,
				0464F9E427A578AE0054FD83 /* KkamagnoonUITests.swift in Sources */,
			);
			runOnlyForDeploymentPostprocessing = 0;
		};
/* End PBXSourcesBuildPhase section */

/* Begin PBXTargetDependency section */
		0464F9D727A578AE0054FD83 /* PBXTargetDependency */ = {
			isa = PBXTargetDependency;
			target = 0464F9BE27A578AA0054FD83 /* Kkamagnoon */;
			targetProxy = 0464F9D627A578AE0054FD83 /* PBXContainerItemProxy */;
		};
		0464F9E127A578AE0054FD83 /* PBXTargetDependency */ = {
			isa = PBXTargetDependency;
			target = 0464F9BE27A578AA0054FD83 /* Kkamagnoon */;
			targetProxy = 0464F9E027A578AE0054FD83 /* PBXContainerItemProxy */;
		};
/* End PBXTargetDependency section */

/* Begin PBXVariantGroup section */
		0464F9C827A578AA0054FD83 /* Main.storyboard */ = {
			isa = PBXVariantGroup;
			children = (
				0464F9C927A578AA0054FD83 /* Base */,
			);
			name = Main.storyboard;
			sourceTree = "<group>";
		};
		0464F9CD27A578AE0054FD83 /* LaunchScreen.storyboard */ = {
			isa = PBXVariantGroup;
			children = (
				0464F9CE27A578AE0054FD83 /* Base */,
			);
			name = LaunchScreen.storyboard;
			sourceTree = "<group>";
		};
/* End PBXVariantGroup section */

/* Begin XCBuildConfiguration section */
		0464F9E727A578AE0054FD83 /* Debug */ = {
			isa = XCBuildConfiguration;
			buildSettings = {
				ALWAYS_SEARCH_USER_PATHS = NO;
				CLANG_ANALYZER_NONNULL = YES;
				CLANG_ANALYZER_NUMBER_OBJECT_CONVERSION = YES_AGGRESSIVE;
				CLANG_CXX_LANGUAGE_STANDARD = "gnu++17";
				CLANG_CXX_LIBRARY = "libc++";
				CLANG_ENABLE_MODULES = YES;
				CLANG_ENABLE_OBJC_ARC = YES;
				CLANG_ENABLE_OBJC_WEAK = YES;
				CLANG_WARN_BLOCK_CAPTURE_AUTORELEASING = YES;
				CLANG_WARN_BOOL_CONVERSION = YES;
				CLANG_WARN_COMMA = YES;
				CLANG_WARN_CONSTANT_CONVERSION = YES;
				CLANG_WARN_DEPRECATED_OBJC_IMPLEMENTATIONS = YES;
				CLANG_WARN_DIRECT_OBJC_ISA_USAGE = YES_ERROR;
				CLANG_WARN_DOCUMENTATION_COMMENTS = YES;
				CLANG_WARN_EMPTY_BODY = YES;
				CLANG_WARN_ENUM_CONVERSION = YES;
				CLANG_WARN_INFINITE_RECURSION = YES;
				CLANG_WARN_INT_CONVERSION = YES;
				CLANG_WARN_NON_LITERAL_NULL_CONVERSION = YES;
				CLANG_WARN_OBJC_IMPLICIT_RETAIN_SELF = YES;
				CLANG_WARN_OBJC_LITERAL_CONVERSION = YES;
				CLANG_WARN_OBJC_ROOT_CLASS = YES_ERROR;
				CLANG_WARN_QUOTED_INCLUDE_IN_FRAMEWORK_HEADER = YES;
				CLANG_WARN_RANGE_LOOP_ANALYSIS = YES;
				CLANG_WARN_STRICT_PROTOTYPES = YES;
				CLANG_WARN_SUSPICIOUS_MOVE = YES;
				CLANG_WARN_UNGUARDED_AVAILABILITY = YES_AGGRESSIVE;
				CLANG_WARN_UNREACHABLE_CODE = YES;
				CLANG_WARN__DUPLICATE_METHOD_MATCH = YES;
				COPY_PHASE_STRIP = NO;
				DEBUG_INFORMATION_FORMAT = dwarf;
				ENABLE_STRICT_OBJC_MSGSEND = YES;
				ENABLE_TESTABILITY = YES;
				GCC_C_LANGUAGE_STANDARD = gnu11;
				GCC_DYNAMIC_NO_PIC = NO;
				GCC_NO_COMMON_BLOCKS = YES;
				GCC_OPTIMIZATION_LEVEL = 0;
				GCC_PREPROCESSOR_DEFINITIONS = (
					"DEBUG=1",
					"$(inherited)",
				);
				GCC_WARN_64_TO_32_BIT_CONVERSION = YES;
				GCC_WARN_ABOUT_RETURN_TYPE = YES_ERROR;
				GCC_WARN_UNDECLARED_SELECTOR = YES;
				GCC_WARN_UNINITIALIZED_AUTOS = YES_AGGRESSIVE;
				GCC_WARN_UNUSED_FUNCTION = YES;
				GCC_WARN_UNUSED_VARIABLE = YES;
				IPHONEOS_DEPLOYMENT_TARGET = 15.2;
				MTL_ENABLE_DEBUG_INFO = INCLUDE_SOURCE;
				MTL_FAST_MATH = YES;
				ONLY_ACTIVE_ARCH = YES;
				SDKROOT = iphoneos;
				SWIFT_ACTIVE_COMPILATION_CONDITIONS = DEBUG;
				SWIFT_OPTIMIZATION_LEVEL = "-Onone";
			};
			name = Debug;
		};
		0464F9E827A578AE0054FD83 /* Release */ = {
			isa = XCBuildConfiguration;
			buildSettings = {
				ALWAYS_SEARCH_USER_PATHS = NO;
				CLANG_ANALYZER_NONNULL = YES;
				CLANG_ANALYZER_NUMBER_OBJECT_CONVERSION = YES_AGGRESSIVE;
				CLANG_CXX_LANGUAGE_STANDARD = "gnu++17";
				CLANG_CXX_LIBRARY = "libc++";
				CLANG_ENABLE_MODULES = YES;
				CLANG_ENABLE_OBJC_ARC = YES;
				CLANG_ENABLE_OBJC_WEAK = YES;
				CLANG_WARN_BLOCK_CAPTURE_AUTORELEASING = YES;
				CLANG_WARN_BOOL_CONVERSION = YES;
				CLANG_WARN_COMMA = YES;
				CLANG_WARN_CONSTANT_CONVERSION = YES;
				CLANG_WARN_DEPRECATED_OBJC_IMPLEMENTATIONS = YES;
				CLANG_WARN_DIRECT_OBJC_ISA_USAGE = YES_ERROR;
				CLANG_WARN_DOCUMENTATION_COMMENTS = YES;
				CLANG_WARN_EMPTY_BODY = YES;
				CLANG_WARN_ENUM_CONVERSION = YES;
				CLANG_WARN_INFINITE_RECURSION = YES;
				CLANG_WARN_INT_CONVERSION = YES;
				CLANG_WARN_NON_LITERAL_NULL_CONVERSION = YES;
				CLANG_WARN_OBJC_IMPLICIT_RETAIN_SELF = YES;
				CLANG_WARN_OBJC_LITERAL_CONVERSION = YES;
				CLANG_WARN_OBJC_ROOT_CLASS = YES_ERROR;
				CLANG_WARN_QUOTED_INCLUDE_IN_FRAMEWORK_HEADER = YES;
				CLANG_WARN_RANGE_LOOP_ANALYSIS = YES;
				CLANG_WARN_STRICT_PROTOTYPES = YES;
				CLANG_WARN_SUSPICIOUS_MOVE = YES;
				CLANG_WARN_UNGUARDED_AVAILABILITY = YES_AGGRESSIVE;
				CLANG_WARN_UNREACHABLE_CODE = YES;
				CLANG_WARN__DUPLICATE_METHOD_MATCH = YES;
				COPY_PHASE_STRIP = NO;
				DEBUG_INFORMATION_FORMAT = "dwarf-with-dsym";
				ENABLE_NS_ASSERTIONS = NO;
				ENABLE_STRICT_OBJC_MSGSEND = YES;
				GCC_C_LANGUAGE_STANDARD = gnu11;
				GCC_NO_COMMON_BLOCKS = YES;
				GCC_WARN_64_TO_32_BIT_CONVERSION = YES;
				GCC_WARN_ABOUT_RETURN_TYPE = YES_ERROR;
				GCC_WARN_UNDECLARED_SELECTOR = YES;
				GCC_WARN_UNINITIALIZED_AUTOS = YES_AGGRESSIVE;
				GCC_WARN_UNUSED_FUNCTION = YES;
				GCC_WARN_UNUSED_VARIABLE = YES;
				IPHONEOS_DEPLOYMENT_TARGET = 15.2;
				MTL_ENABLE_DEBUG_INFO = NO;
				MTL_FAST_MATH = YES;
				SDKROOT = iphoneos;
				SWIFT_COMPILATION_MODE = wholemodule;
				SWIFT_OPTIMIZATION_LEVEL = "-O";
				VALIDATE_PRODUCT = YES;
			};
			name = Release;
		};
		0464F9EA27A578AE0054FD83 /* Debug */ = {
			isa = XCBuildConfiguration;
			baseConfigurationReference = C1B9332CCBFC0C9DE0C86E33 /* Pods-Kkamagnoon.debug.xcconfig */;
			buildSettings = {
				ASSETCATALOG_COMPILER_APPICON_NAME = AppIcon;
				ASSETCATALOG_COMPILER_GLOBAL_ACCENT_COLOR_NAME = AccentColor;
				CODE_SIGN_STYLE = Automatic;
				CURRENT_PROJECT_VERSION = 1;
				DEVELOPMENT_TEAM = V75GP346YD;
				GENERATE_INFOPLIST_FILE = YES;
				INFOPLIST_FILE = Kkamagnoon/Info.plist;
				INFOPLIST_KEY_UIApplicationSupportsIndirectInputEvents = YES;
				INFOPLIST_KEY_UILaunchStoryboardName = LaunchScreen;
				INFOPLIST_KEY_UIMainStoryboardFile = Main;
				INFOPLIST_KEY_UISupportedInterfaceOrientations_iPad = "UIInterfaceOrientationPortrait UIInterfaceOrientationPortraitUpsideDown UIInterfaceOrientationLandscapeLeft UIInterfaceOrientationLandscapeRight";
				INFOPLIST_KEY_UISupportedInterfaceOrientations_iPhone = "UIInterfaceOrientationPortrait UIInterfaceOrientationLandscapeLeft UIInterfaceOrientationLandscapeRight";
				LD_RUNPATH_SEARCH_PATHS = (
					"$(inherited)",
					"@executable_path/Frameworks",
				);
				MARKETING_VERSION = 1.0;
				PRODUCT_BUNDLE_IDENTIFIER = "com.dnd.6-2.Kkamagnoon";
				PRODUCT_NAME = "$(TARGET_NAME)";
				SWIFT_EMIT_LOC_STRINGS = YES;
				SWIFT_VERSION = 5.0;
				TARGETED_DEVICE_FAMILY = "1,2";
			};
			name = Debug;
		};
		0464F9EB27A578AE0054FD83 /* Release */ = {
			isa = XCBuildConfiguration;
			baseConfigurationReference = 18CC5DE48442606CD4F34580 /* Pods-Kkamagnoon.release.xcconfig */;
			buildSettings = {
				ASSETCATALOG_COMPILER_APPICON_NAME = AppIcon;
				ASSETCATALOG_COMPILER_GLOBAL_ACCENT_COLOR_NAME = AccentColor;
				CODE_SIGN_STYLE = Automatic;
				CURRENT_PROJECT_VERSION = 1;
				DEVELOPMENT_TEAM = V75GP346YD;
				GENERATE_INFOPLIST_FILE = YES;
				INFOPLIST_FILE = Kkamagnoon/Info.plist;
				INFOPLIST_KEY_UIApplicationSupportsIndirectInputEvents = YES;
				INFOPLIST_KEY_UILaunchStoryboardName = LaunchScreen;
				INFOPLIST_KEY_UIMainStoryboardFile = Main;
				INFOPLIST_KEY_UISupportedInterfaceOrientations_iPad = "UIInterfaceOrientationPortrait UIInterfaceOrientationPortraitUpsideDown UIInterfaceOrientationLandscapeLeft UIInterfaceOrientationLandscapeRight";
				INFOPLIST_KEY_UISupportedInterfaceOrientations_iPhone = "UIInterfaceOrientationPortrait UIInterfaceOrientationLandscapeLeft UIInterfaceOrientationLandscapeRight";
				LD_RUNPATH_SEARCH_PATHS = (
					"$(inherited)",
					"@executable_path/Frameworks",
				);
				MARKETING_VERSION = 1.0;
				PRODUCT_BUNDLE_IDENTIFIER = "com.dnd.6-2.Kkamagnoon";
				PRODUCT_NAME = "$(TARGET_NAME)";
				SWIFT_EMIT_LOC_STRINGS = YES;
				SWIFT_VERSION = 5.0;
				TARGETED_DEVICE_FAMILY = "1,2";
			};
			name = Release;
		};
		0464F9ED27A578AE0054FD83 /* Debug */ = {
			isa = XCBuildConfiguration;
			baseConfigurationReference = A986D28ED4D456322F64EB2A /* Pods-KkamagnoonTests.debug.xcconfig */;
			buildSettings = {
				ALWAYS_EMBED_SWIFT_STANDARD_LIBRARIES = YES;
				BUNDLE_LOADER = "$(TEST_HOST)";
				CODE_SIGN_STYLE = Automatic;
				CURRENT_PROJECT_VERSION = 1;
				DEVELOPMENT_TEAM = V75GP346YD;
				GENERATE_INFOPLIST_FILE = YES;
				IPHONEOS_DEPLOYMENT_TARGET = 15.2;
				MARKETING_VERSION = 1.0;
				PRODUCT_BUNDLE_IDENTIFIER = "com.dnd.6-2.KkamagnoonTests";
				PRODUCT_NAME = "$(TARGET_NAME)";
				SWIFT_EMIT_LOC_STRINGS = NO;
				SWIFT_VERSION = 5.0;
				TARGETED_DEVICE_FAMILY = "1,2";
				TEST_HOST = "$(BUILT_PRODUCTS_DIR)/Kkamagnoon.app/Kkamagnoon";
			};
			name = Debug;
		};
		0464F9EE27A578AE0054FD83 /* Release */ = {
			isa = XCBuildConfiguration;
			baseConfigurationReference = 24838BE1B7D5491B5C97CEAF /* Pods-KkamagnoonTests.release.xcconfig */;
			buildSettings = {
				ALWAYS_EMBED_SWIFT_STANDARD_LIBRARIES = YES;
				BUNDLE_LOADER = "$(TEST_HOST)";
				CODE_SIGN_STYLE = Automatic;
				CURRENT_PROJECT_VERSION = 1;
				DEVELOPMENT_TEAM = V75GP346YD;
				GENERATE_INFOPLIST_FILE = YES;
				IPHONEOS_DEPLOYMENT_TARGET = 15.2;
				MARKETING_VERSION = 1.0;
				PRODUCT_BUNDLE_IDENTIFIER = "com.dnd.6-2.KkamagnoonTests";
				PRODUCT_NAME = "$(TARGET_NAME)";
				SWIFT_EMIT_LOC_STRINGS = NO;
				SWIFT_VERSION = 5.0;
				TARGETED_DEVICE_FAMILY = "1,2";
				TEST_HOST = "$(BUILT_PRODUCTS_DIR)/Kkamagnoon.app/Kkamagnoon";
			};
			name = Release;
		};
		0464F9F027A578AE0054FD83 /* Debug */ = {
			isa = XCBuildConfiguration;
			baseConfigurationReference = BB0DF68CBDDA26E710E01D6C /* Pods-Kkamagnoon-KkamagnoonUITests.debug.xcconfig */;
			buildSettings = {
				ALWAYS_EMBED_SWIFT_STANDARD_LIBRARIES = YES;
				CODE_SIGN_STYLE = Automatic;
				CURRENT_PROJECT_VERSION = 1;
				DEVELOPMENT_TEAM = V75GP346YD;
				GENERATE_INFOPLIST_FILE = YES;
				MARKETING_VERSION = 1.0;
				PRODUCT_BUNDLE_IDENTIFIER = "com.dnd.6-2.KkamagnoonUITests";
				PRODUCT_NAME = "$(TARGET_NAME)";
				SWIFT_EMIT_LOC_STRINGS = NO;
				SWIFT_VERSION = 5.0;
				TARGETED_DEVICE_FAMILY = "1,2";
				TEST_TARGET_NAME = Kkamagnoon;
			};
			name = Debug;
		};
		0464F9F127A578AE0054FD83 /* Release */ = {
			isa = XCBuildConfiguration;
			baseConfigurationReference = 3CAD58F2BFA2515C25236C96 /* Pods-Kkamagnoon-KkamagnoonUITests.release.xcconfig */;
			buildSettings = {
				ALWAYS_EMBED_SWIFT_STANDARD_LIBRARIES = YES;
				CODE_SIGN_STYLE = Automatic;
				CURRENT_PROJECT_VERSION = 1;
				DEVELOPMENT_TEAM = V75GP346YD;
				GENERATE_INFOPLIST_FILE = YES;
				MARKETING_VERSION = 1.0;
				PRODUCT_BUNDLE_IDENTIFIER = "com.dnd.6-2.KkamagnoonUITests";
				PRODUCT_NAME = "$(TARGET_NAME)";
				SWIFT_EMIT_LOC_STRINGS = NO;
				SWIFT_VERSION = 5.0;
				TARGETED_DEVICE_FAMILY = "1,2";
				TEST_TARGET_NAME = Kkamagnoon;
			};
			name = Release;
		};
/* End XCBuildConfiguration section */

/* Begin XCConfigurationList section */
		0464F9BA27A578AA0054FD83 /* Build configuration list for PBXProject "Kkamagnoon" */ = {
			isa = XCConfigurationList;
			buildConfigurations = (
				0464F9E727A578AE0054FD83 /* Debug */,
				0464F9E827A578AE0054FD83 /* Release */,
			);
			defaultConfigurationIsVisible = 0;
			defaultConfigurationName = Release;
		};
		0464F9E927A578AE0054FD83 /* Build configuration list for PBXNativeTarget "Kkamagnoon" */ = {
			isa = XCConfigurationList;
			buildConfigurations = (
				0464F9EA27A578AE0054FD83 /* Debug */,
				0464F9EB27A578AE0054FD83 /* Release */,
			);
			defaultConfigurationIsVisible = 0;
			defaultConfigurationName = Release;
		};
		0464F9EC27A578AE0054FD83 /* Build configuration list for PBXNativeTarget "KkamagnoonTests" */ = {
			isa = XCConfigurationList;
			buildConfigurations = (
				0464F9ED27A578AE0054FD83 /* Debug */,
				0464F9EE27A578AE0054FD83 /* Release */,
			);
			defaultConfigurationIsVisible = 0;
			defaultConfigurationName = Release;
		};
		0464F9EF27A578AE0054FD83 /* Build configuration list for PBXNativeTarget "KkamagnoonUITests" */ = {
			isa = XCConfigurationList;
			buildConfigurations = (
				0464F9F027A578AE0054FD83 /* Debug */,
				0464F9F127A578AE0054FD83 /* Release */,
			);
			defaultConfigurationIsVisible = 0;
			defaultConfigurationName = Release;
		};
/* End XCConfigurationList section */
	};
	rootObject = 0464F9B727A578AA0054FD83 /* Project object */;
}
