// !$*UTF8*$!
{
	archiveVersion = 1;
	classes = {
	};
	objectVersion = 55;
	objects = {

/* Begin PBXBuildFile section */
		0464F9C327A578AA0054FD83 /* AppDelegate.swift in Sources */ = {isa = PBXBuildFile; fileRef = 0464F9C227A578AA0054FD83 /* AppDelegate.swift */; };
		0464F9C527A578AA0054FD83 /* SceneDelegate.swift in Sources */ = {isa = PBXBuildFile; fileRef = 0464F9C427A578AA0054FD83 /* SceneDelegate.swift */; };
		0464F9C727A578AA0054FD83 /* ViewController.swift in Sources */ = {isa = PBXBuildFile; fileRef = 0464F9C627A578AA0054FD83 /* ViewController.swift */; };
		0464F9CA27A578AA0054FD83 /* Main.storyboard in Resources */ = {isa = PBXBuildFile; fileRef = 0464F9C827A578AA0054FD83 /* Main.storyboard */; };
		0464F9CC27A578AE0054FD83 /* Assets.xcassets in Resources */ = {isa = PBXBuildFile; fileRef = 0464F9CB27A578AE0054FD83 /* Assets.xcassets */; };
		0464F9CF27A578AE0054FD83 /* LaunchScreen.storyboard in Resources */ = {isa = PBXBuildFile; fileRef = 0464F9CD27A578AE0054FD83 /* LaunchScreen.storyboard */; };
		0464F9DA27A578AE0054FD83 /* KkamagnoonTests.swift in Sources */ = {isa = PBXBuildFile; fileRef = 0464F9D927A578AE0054FD83 /* KkamagnoonTests.swift */; };
		0464F9E427A578AE0054FD83 /* KkamagnoonUITests.swift in Sources */ = {isa = PBXBuildFile; fileRef = 0464F9E327A578AE0054FD83 /* KkamagnoonUITests.swift */; };
		0464F9E627A578AE0054FD83 /* KkamagnoonUITestsLaunchTests.swift in Sources */ = {isa = PBXBuildFile; fileRef = 0464F9E527A578AE0054FD83 /* KkamagnoonUITestsLaunchTests.swift */; };
		4772DCC31D58F618A0C97067 /* Pods_KkamagnoonTests.framework in Frameworks */ = {isa = PBXBuildFile; fileRef = BEA8A731D028EF2AE2C2F844 /* Pods_KkamagnoonTests.framework */; };
		59262A405FB52911AA2ACCF1 /* Pods_Kkamagnoon.framework in Frameworks */ = {isa = PBXBuildFile; fileRef = 21B18F934232A8239C156F77 /* Pods_Kkamagnoon.framework */; };
		DA3759104807120025675467 /* Pods_Kkamagnoon_KkamagnoonUITests.framework in Frameworks */ = {isa = PBXBuildFile; fileRef = D320D1CF105BFC278E7F0256 /* Pods_Kkamagnoon_KkamagnoonUITests.framework */; };
/* End PBXBuildFile section */

/* Begin PBXContainerItemProxy section */
		0464F9D627A578AE0054FD83 /* PBXContainerItemProxy */ = {
			isa = PBXContainerItemProxy;
			containerPortal = 0464F9B727A578AA0054FD83 /* Project object */;
			proxyType = 1;
			remoteGlobalIDString = 0464F9BE27A578AA0054FD83;
			remoteInfo = Kkamagnoon;
		};
		0464F9E027A578AE0054FD83 /* PBXContainerItemProxy */ = {
			isa = PBXContainerItemProxy;
			containerPortal = 0464F9B727A578AA0054FD83 /* Project object */;
			proxyType = 1;
			remoteGlobalIDString = 0464F9BE27A578AA0054FD83;
			remoteInfo = Kkamagnoon;
		};
/* End PBXContainerItemProxy section */

/* Begin PBXFileReference section */
		0464F9BF27A578AA0054FD83 /* Kkamagnoon.app */ = {isa = PBXFileReference; explicitFileType = wrapper.application; includeInIndex = 0; path = Kkamagnoon.app; sourceTree = BUILT_PRODUCTS_DIR; };
		0464F9C227A578AA0054FD83 /* AppDelegate.swift */ = {isa = PBXFileReference; lastKnownFileType = sourcecode.swift; path = AppDelegate.swift; sourceTree = "<group>"; };
		0464F9C427A578AA0054FD83 /* SceneDelegate.swift */ = {isa = PBXFileReference; lastKnownFileType = sourcecode.swift; path = SceneDelegate.swift; sourceTree = "<group>"; };
		0464F9C627A578AA0054FD83 /* ViewController.swift */ = {isa = PBXFileReference; lastKnownFileType = sourcecode.swift; path = ViewController.swift; sourceTree = "<group>"; };
		0464F9C927A578AA0054FD83 /* Base */ = {isa = PBXFileReference; lastKnownFileType = file.storyboard; name = Base; path = Base.lproj/Main.storyboard; sourceTree = "<group>"; };
		0464F9CB27A578AE0054FD83 /* Assets.xcassets */ = {isa = PBXFileReference; lastKnownFileType = folder.assetcatalog; path = Assets.xcassets; sourceTree = "<group>"; };
		0464F9CE27A578AE0054FD83 /* Base */ = {isa = PBXFileReference; lastKnownFileType = file.storyboard; name = Base; path = Base.lproj/LaunchScreen.storyboard; sourceTree = "<group>"; };
		0464F9D027A578AE0054FD83 /* Info.plist */ = {isa = PBXFileReference; lastKnownFileType = text.plist.xml; path = Info.plist; sourceTree = "<group>"; };
		0464F9D527A578AE0054FD83 /* KkamagnoonTests.xctest */ = {isa = PBXFileReference; explicitFileType = wrapper.cfbundle; includeInIndex = 0; path = KkamagnoonTests.xctest; sourceTree = BUILT_PRODUCTS_DIR; };
		0464F9D927A578AE0054FD83 /* KkamagnoonTests.swift */ = {isa = PBXFileReference; lastKnownFileType = sourcecode.swift; path = KkamagnoonTests.swift; sourceTree = "<group>"; };
		0464F9DF27A578AE0054FD83 /* KkamagnoonUITests.xctest */ = {isa = PBXFileReference; explicitFileType = wrapper.cfbundle; includeInIndex = 0; path = KkamagnoonUITests.xctest; sourceTree = BUILT_PRODUCTS_DIR; };
		0464F9E327A578AE0054FD83 /* KkamagnoonUITests.swift */ = {isa = PBXFileReference; lastKnownFileType = sourcecode.swift; path = KkamagnoonUITests.swift; sourceTree = "<group>"; };
		0464F9E527A578AE0054FD83 /* KkamagnoonUITestsLaunchTests.swift */ = {isa = PBXFileReference; lastKnownFileType = sourcecode.swift; path = KkamagnoonUITestsLaunchTests.swift; sourceTree = "<group>"; };
		18CC5DE48442606CD4F34580 /* Pods-Kkamagnoon.release.xcconfig */ = {isa = PBXFileReference; includeInIndex = 1; lastKnownFileType = text.xcconfig; name = "Pods-Kkamagnoon.release.xcconfig"; path = "Target Support Files/Pods-Kkamagnoon/Pods-Kkamagnoon.release.xcconfig"; sourceTree = "<group>"; };
		21B18F934232A8239C156F77 /* Pods_Kkamagnoon.framework */ = {isa = PBXFileReference; explicitFileType = wrapper.framework; includeInIndex = 0; path = Pods_Kkamagnoon.framework; sourceTree = BUILT_PRODUCTS_DIR; };
		24838BE1B7D5491B5C97CEAF /* Pods-KkamagnoonTests.release.xcconfig */ = {isa = PBXFileReference; includeInIndex = 1; lastKnownFileType = text.xcconfig; name = "Pods-KkamagnoonTests.release.xcconfig"; path = "Target Support Files/Pods-KkamagnoonTests/Pods-KkamagnoonTests.release.xcconfig"; sourceTree = "<group>"; };
		3CAD58F2BFA2515C25236C96 /* Pods-Kkamagnoon-KkamagnoonUITests.release.xcconfig */ = {isa = PBXFileReference; includeInIndex = 1; lastKnownFileType = text.xcconfig; name = "Pods-Kkamagnoon-KkamagnoonUITests.release.xcconfig"; path = "Target Support Files/Pods-Kkamagnoon-KkamagnoonUITests/Pods-Kkamagnoon-KkamagnoonUITests.release.xcconfig"; sourceTree = "<group>"; };
		A986D28ED4D456322F64EB2A /* Pods-KkamagnoonTests.debug.xcconfig */ = {isa = PBXFileReference; includeInIndex = 1; lastKnownFileType = text.xcconfig; name = "Pods-KkamagnoonTests.debug.xcconfig"; path = "Target Support Files/Pods-KkamagnoonTests/Pods-KkamagnoonTests.debug.xcconfig"; sourceTree = "<group>"; };
		BB0DF68CBDDA26E710E01D6C /* Pods-Kkamagnoon-KkamagnoonUITests.debug.xcconfig */ = {isa = PBXFileReference; includeInIndex = 1; lastKnownFileType = text.xcconfig; name = "Pods-Kkamagnoon-KkamagnoonUITests.debug.xcconfig"; path = "Target Support Files/Pods-Kkamagnoon-KkamagnoonUITests/Pods-Kkamagnoon-KkamagnoonUITests.debug.xcconfig"; sourceTree = "<group>"; };
		BEA8A731D028EF2AE2C2F844 /* Pods_KkamagnoonTests.framework */ = {isa = PBXFileReference; explicitFileType = wrapper.framework; includeInIndex = 0; path = Pods_KkamagnoonTests.framework; sourceTree = BUILT_PRODUCTS_DIR; };
		C1B9332CCBFC0C9DE0C86E33 /* Pods-Kkamagnoon.debug.xcconfig */ = {isa = PBXFileReference; includeInIndex = 1; lastKnownFileType = text.xcconfig; name = "Pods-Kkamagnoon.debug.xcconfig"; path = "Target Support Files/Pods-Kkamagnoon/Pods-Kkamagnoon.debug.xcconfig"; sourceTree = "<group>"; };
		D320D1CF105BFC278E7F0256 /* Pods_Kkamagnoon_KkamagnoonUITests.framework */ = {isa = PBXFileReference; explicitFileType = wrapper.framework; includeInIndex = 0; path = Pods_Kkamagnoon_KkamagnoonUITests.framework; sourceTree = BUILT_PRODUCTS_DIR; };
/* End PBXFileReference section */

/* Begin PBXFrameworksBuildPhase section */
		0464F9BC27A578AA0054FD83 /* Frameworks */ = {
			isa = PBXFrameworksBuildPhase;
			buildActionMask = 2147483647;
			files = (
				59262A405FB52911AA2ACCF1 /* Pods_Kkamagnoon.framework in Frameworks */,
			);
			runOnlyForDeploymentPostprocessing = 0;
		};
		0464F9D227A578AE0054FD83 /* Frameworks */ = {
			isa = PBXFrameworksBuildPhase;
			buildActionMask = 2147483647;
			files = (
				4772DCC31D58F618A0C97067 /* Pods_KkamagnoonTests.framework in Frameworks */,
			);
			runOnlyForDeploymentPostprocessing = 0;
		};
		0464F9DC27A578AE0054FD83 /* Frameworks */ = {
			isa = PBXFrameworksBuildPhase;
			buildActionMask = 2147483647;
			files = (
				DA3759104807120025675467 /* Pods_Kkamagnoon_KkamagnoonUITests.framework in Frameworks */,
			);
			runOnlyForDeploymentPostprocessing = 0;
		};
/* End PBXFrameworksBuildPhase section */

/* Begin PBXGroup section */
		0464F9B627A578AA0054FD83 = {
			isa = PBXGroup;
			children = (
				0464F9C127A578AA0054FD83 /* Kkamagnoon */,
				0464F9D827A578AE0054FD83 /* KkamagnoonTests */,
				0464F9E227A578AE0054FD83 /* KkamagnoonUITests */,
				0464F9C027A578AA0054FD83 /* Products */,
				2944082E5D2EC83FE904B05C /* Pods */,
				DD0640112B4CEF6C1359FAFB /* Frameworks */,
			);
			sourceTree = "<group>";
		};
		0464F9C027A578AA0054FD83 /* Products */ = {
			isa = PBXGroup;
			children = (
				0464F9BF27A578AA0054FD83 /* Kkamagnoon.app */,
				0464F9D527A578AE0054FD83 /* KkamagnoonTests.xctest */,
				0464F9DF27A578AE0054FD83 /* KkamagnoonUITests.xctest */,
			);
			name = Products;
			sourceTree = "<group>";
		};
		0464F9C127A578AA0054FD83 /* Kkamagnoon */ = {
			isa = PBXGroup;
			children = (
				04D0637527AEC251005EB16C /* Service */,
				04D0637427AEC0F6005EB16C /* View */,
				04D0637327AEC0E6005EB16C /* ViewController */,
				04D0637227AEC0D9005EB16C /* ViewModel */,
				04D0637127AEC0C0005EB16C /* Model */,
				0464F9C227A578AA0054FD83 /* AppDelegate.swift */,
				0464F9C427A578AA0054FD83 /* SceneDelegate.swift */,
				0464F9C627A578AA0054FD83 /* ViewController.swift */,
				0464F9C827A578AA0054FD83 /* Main.storyboard */,
				0464F9CB27A578AE0054FD83 /* Assets.xcassets */,
				0464F9CD27A578AE0054FD83 /* LaunchScreen.storyboard */,
				0464F9D027A578AE0054FD83 /* Info.plist */,
			);
			path = Kkamagnoon;
			sourceTree = "<group>";
		};
		0464F9D827A578AE0054FD83 /* KkamagnoonTests */ = {
			isa = PBXGroup;
			children = (
				0464F9D927A578AE0054FD83 /* KkamagnoonTests.swift */,
			);
			path = KkamagnoonTests;
			sourceTree = "<group>";
		};
		0464F9E227A578AE0054FD83 /* KkamagnoonUITests */ = {
			isa = PBXGroup;
			children = (
				0464F9E327A578AE0054FD83 /* KkamagnoonUITests.swift */,
				0464F9E527A578AE0054FD83 /* KkamagnoonUITestsLaunchTests.swift */,
			);
			path = KkamagnoonUITests;
			sourceTree = "<group>";
		};
		04D0637127AEC0C0005EB16C /* Model */ = {
			isa = PBXGroup;
			children = (
			);
			path = Model;
			sourceTree = "<group>";
		};
		04D0637227AEC0D9005EB16C /* ViewModel */ = {
			isa = PBXGroup;
			children = (
			);
			path = ViewModel;
			sourceTree = "<group>";
		};
		04D0637327AEC0E6005EB16C /* ViewController */ = {
			isa = PBXGroup;
			children = (
			);
			path = ViewController;
			sourceTree = "<group>";
		};
		04D0637427AEC0F6005EB16C /* View */ = {
			isa = PBXGroup;
			children = (
			);
			path = View;
			sourceTree = "<group>";
		};
		04D0637527AEC251005EB16C /* Service */ = {
			isa = PBXGroup;
			children = (
			);
			path = Service;
			sourceTree = "<group>";
		};
		2944082E5D2EC83FE904B05C /* Pods */ = {
			isa = PBXGroup;
			children = (
				C1B9332CCBFC0C9DE0C86E33 /* Pods-Kkamagnoon.debug.xcconfig */,
				18CC5DE48442606CD4F34580 /* Pods-Kkamagnoon.release.xcconfig */,
				BB0DF68CBDDA26E710E01D6C /* Pods-Kkamagnoon-KkamagnoonUITests.debug.xcconfig */,
				3CAD58F2BFA2515C25236C96 /* Pods-Kkamagnoon-KkamagnoonUITests.release.xcconfig */,
				A986D28ED4D456322F64EB2A /* Pods-KkamagnoonTests.debug.xcconfig */,
				24838BE1B7D5491B5C97CEAF /* Pods-KkamagnoonTests.release.xcconfig */,
			);
			path = Pods;
			sourceTree = "<group>";
		};
		DD0640112B4CEF6C1359FAFB /* Frameworks */ = {
			isa = PBXGroup;
			children = (
				21B18F934232A8239C156F77 /* Pods_Kkamagnoon.framework */,
				D320D1CF105BFC278E7F0256 /* Pods_Kkamagnoon_KkamagnoonUITests.framework */,
				BEA8A731D028EF2AE2C2F844 /* Pods_KkamagnoonTests.framework */,
			);
			name = Frameworks;
			sourceTree = "<group>";
		};
/* End PBXGroup section */

/* Begin PBXNativeTarget section */
		0464F9BE27A578AA0054FD83 /* Kkamagnoon */ = {
			isa = PBXNativeTarget;
			buildConfigurationList = 0464F9E927A578AE0054FD83 /* Build configuration list for PBXNativeTarget "Kkamagnoon" */;
			buildPhases = (
				084DC6736E77E2F561BBA9EC /* [CP] Check Pods Manifest.lock */,
				0464F9BB27A578AA0054FD83 /* Sources */,
				0464F9BC27A578AA0054FD83 /* Frameworks */,
				0464F9BD27A578AA0054FD83 /* Resources */,
				04856F7427A6A8240081D1D8 /* ShellScript */,
			);
			buildRules = (
			);
			dependencies = (
			);
			name = Kkamagnoon;
			productName = Kkamagnoon;
			productReference = 0464F9BF27A578AA0054FD83 /* Kkamagnoon.app */;
			productType = "com.apple.product-type.application";
		};
		0464F9D427A578AE0054FD83 /* KkamagnoonTests */ = {
			isa = PBXNativeTarget;
			buildConfigurationList = 0464F9EC27A578AE0054FD83 /* Build configuration list for PBXNativeTarget "KkamagnoonTests" */;
			buildPhases = (
				EACDCC517B22494FEBCB20A8 /* [CP] Check Pods Manifest.lock */,
				0464F9D127A578AE0054FD83 /* Sources */,
				0464F9D227A578AE0054FD83 /* Frameworks */,
				0464F9D327A578AE0054FD83 /* Resources */,
			);
			buildRules = (
			);
			dependencies = (
				0464F9D727A578AE0054FD83 /* PBXTargetDependency */,
			);
			name = KkamagnoonTests;
			productName = KkamagnoonTests;
			productReference = 0464F9D527A578AE0054FD83 /* KkamagnoonTests.xctest */;
			productType = "com.apple.product-type.bundle.unit-test";
		};
		0464F9DE27A578AE0054FD83 /* KkamagnoonUITests */ = {
			isa = PBXNativeTarget;
			buildConfigurationList = 0464F9EF27A578AE0054FD83 /* Build configuration list for PBXNativeTarget "KkamagnoonUITests" */;
			buildPhases = (
				9E666BFA9AEEB1AA0B4151EC /* [CP] Check Pods Manifest.lock */,
				0464F9DB27A578AE0054FD83 /* Sources */,
				0464F9DC27A578AE0054FD83 /* Frameworks */,
				0464F9DD27A578AE0054FD83 /* Resources */,
			);
			buildRules = (
			);
			dependencies = (
				0464F9E127A578AE0054FD83 /* PBXTargetDependency */,
			);
			name = KkamagnoonUITests;
			productName = KkamagnoonUITests;
			productReference = 0464F9DF27A578AE0054FD83 /* KkamagnoonUITests.xctest */;
			productType = "com.apple.product-type.bundle.ui-testing";
		};
/* End PBXNativeTarget section */

/* Begin PBXProject section */
		0464F9B727A578AA0054FD83 /* Project object */ = {
			isa = PBXProject;
			attributes = {
				BuildIndependentTargetsInParallel = 1;
				LastSwiftUpdateCheck = 1320;
				LastUpgradeCheck = 1320;
				TargetAttributes = {
					0464F9BE27A578AA0054FD83 = {
						CreatedOnToolsVersion = 13.2.1;
					};
					0464F9D427A578AE0054FD83 = {
						CreatedOnToolsVersion = 13.2.1;
						TestTargetID = 0464F9BE27A578AA0054FD83;
					};
					0464F9DE27A578AE0054FD83 = {
						CreatedOnToolsVersion = 13.2.1;
						TestTargetID = 0464F9BE27A578AA0054FD83;
					};
				};
			};
			buildConfigurationList = 0464F9BA27A578AA0054FD83 /* Build configuration list for PBXProject "Kkamagnoon" */;
			compatibilityVersion = "Xcode 13.0";
			developmentRegion = en;
			hasScannedForEncodings = 0;
			knownRegions = (
				en,
				Base,
			);
			mainGroup = 0464F9B627A578AA0054FD83;
			productRefGroup = 0464F9C027A578AA0054FD83 /* Products */;
			projectDirPath = "";
			projectRoot = "";
			targets = (
				0464F9BE27A578AA0054FD83 /* Kkamagnoon */,
				0464F9D427A578AE0054FD83 /* KkamagnoonTests */,
				0464F9DE27A578AE0054FD83 /* KkamagnoonUITests */,
			);
		};
/* End PBXProject section */

/* Begin PBXResourcesBuildPhase section */
		0464F9BD27A578AA0054FD83 /* Resources */ = {
			isa = PBXResourcesBuildPhase;
			buildActionMask = 2147483647;
			files = (
				0464F9CF27A578AE0054FD83 /* LaunchScreen.storyboard in Resources */,
				0464F9CC27A578AE0054FD83 /* Assets.xcassets in Resources */,
				0464F9CA27A578AA0054FD83 /* Main.storyboard in Resources */,
			);
			runOnlyForDeploymentPostprocessing = 0;
		};
		0464F9D327A578AE0054FD83 /* Resources */ = {
			isa = PBXResourcesBuildPhase;
			buildActionMask = 2147483647;
			files = (
			);
			runOnlyForDeploymentPostprocessing = 0;
		};
		0464F9DD27A578AE0054FD83 /* Resources */ = {
			isa = PBXResourcesBuildPhase;
			buildActionMask = 2147483647;
			files = (
			);
			runOnlyForDeploymentPostprocessing = 0;
		};
/* End PBXResourcesBuildPhase section */

/* Begin PBXShellScriptBuildPhase section */
		04856F7427A6A8240081D1D8 /* ShellScript */ = {
			isa = PBXShellScriptBuildPhase;
			buildActionMask = 2147483647;
			files = (
			);
			inputFileListPaths = (
			);
			inputPaths = (
			);
			outputFileListPaths = (
			);
			outputPaths = (
			);
			runOnlyForDeploymentPostprocessing = 0;
			shellPath = /bin/sh;
			shellScript = "${PODS_ROOT}/SwiftLint/swiftlint\n";
		};
		084DC6736E77E2F561BBA9EC /* [CP] Check Pods Manifest.lock */ = {
			isa = PBXShellScriptBuildPhase;
			buildActionMask = 2147483647;
			files = (
			);
			inputFileListPaths = (
			);
			inputPaths = (
				"${PODS_PODFILE_DIR_PATH}/Podfile.lock",
				"${PODS_ROOT}/Manifest.lock",
			);
			name = "[CP] Check Pods Manifest.lock";
			outputFileListPaths = (
			);
			outputPaths = (
				"$(DERIVED_FILE_DIR)/Pods-Kkamagnoon-checkManifestLockResult.txt",
			);
			runOnlyForDeploymentPostprocessing = 0;
			shellPath = /bin/sh;
			shellScript = "diff \"${PODS_PODFILE_DIR_PATH}/Podfile.lock\" \"${PODS_ROOT}/Manifest.lock\" > /dev/null\nif [ $? != 0 ] ; then\n    # print error to STDERR\n    echo \"error: The sandbox is not in sync with the Podfile.lock. Run 'pod install' or update your CocoaPods installation.\" >&2\n    exit 1\nfi\n# This output is used by Xcode 'outputs' to avoid re-running this script phase.\necho \"SUCCESS\" > \"${SCRIPT_OUTPUT_FILE_0}\"\n";
			showEnvVarsInLog = 0;
		};
		9E666BFA9AEEB1AA0B4151EC /* [CP] Check Pods Manifest.lock */ = {
			isa = PBXShellScriptBuildPhase;
			buildActionMask = 2147483647;
			files = (
			);
			inputFileListPaths = (
			);
			inputPaths = (
				"${PODS_PODFILE_DIR_PATH}/Podfile.lock",
				"${PODS_ROOT}/Manifest.lock",
			);
			name = "[CP] Check Pods Manifest.lock";
			outputFileListPaths = (
			);
			outputPaths = (
				"$(DERIVED_FILE_DIR)/Pods-Kkamagnoon-KkamagnoonUITests-checkManifestLockResult.txt",
			);
			runOnlyForDeploymentPostprocessing = 0;
			shellPath = /bin/sh;
			shellScript = "diff \"${PODS_PODFILE_DIR_PATH}/Podfile.lock\" \"${PODS_ROOT}/Manifest.lock\" > /dev/null\nif [ $? != 0 ] ; then\n    # print error to STDERR\n    echo \"error: The sandbox is not in sync with the Podfile.lock. Run 'pod install' or update your CocoaPods installation.\" >&2\n    exit 1\nfi\n# This output is used by Xcode 'outputs' to avoid re-running this script phase.\necho \"SUCCESS\" > \"${SCRIPT_OUTPUT_FILE_0}\"\n";
			showEnvVarsInLog = 0;
		};
		EACDCC517B22494FEBCB20A8 /* [CP] Check Pods Manifest.lock */ = {
			isa = PBXShellScriptBuildPhase;
			buildActionMask = 2147483647;
			files = (
			);
			inputFileListPaths = (
			);
			inputPaths = (
				"${PODS_PODFILE_DIR_PATH}/Podfile.lock",
				"${PODS_ROOT}/Manifest.lock",
			);
			name = "[CP] Check Pods Manifest.lock";
			outputFileListPaths = (
			);
			outputPaths = (
				"$(DERIVED_FILE_DIR)/Pods-KkamagnoonTests-checkManifestLockResult.txt",
			);
			runOnlyForDeploymentPostprocessing = 0;
			shellPath = /bin/sh;
			shellScript = "diff \"${PODS_PODFILE_DIR_PATH}/Podfile.lock\" \"${PODS_ROOT}/Manifest.lock\" > /dev/null\nif [ $? != 0 ] ; then\n    # print error to STDERR\n    echo \"error: The sandbox is not in sync with the Podfile.lock. Run 'pod install' or update your CocoaPods installation.\" >&2\n    exit 1\nfi\n# This output is used by Xcode 'outputs' to avoid re-running this script phase.\necho \"SUCCESS\" > \"${SCRIPT_OUTPUT_FILE_0}\"\n";
			showEnvVarsInLog = 0;
		};
/* End PBXShellScriptBuildPhase section */

/* Begin PBXSourcesBuildPhase section */
		0464F9BB27A578AA0054FD83 /* Sources */ = {
			isa = PBXSourcesBuildPhase;
			buildActionMask = 2147483647;
			files = (
				0464F9C727A578AA0054FD83 /* ViewController.swift in Sources */,
				0464F9C327A578AA0054FD83 /* AppDelegate.swift in Sources */,
				0464F9C527A578AA0054FD83 /* SceneDelegate.swift in Sources */,
			);
			runOnlyForDeploymentPostprocessing = 0;
		};
		0464F9D127A578AE0054FD83 /* Sources */ = {
			isa = PBXSourcesBuildPhase;
			buildActionMask = 2147483647;
			files = (
				0464F9DA27A578AE0054FD83 /* KkamagnoonTests.swift in Sources */,
			);
			runOnlyForDeploymentPostprocessing = 0;
		};
		0464F9DB27A578AE0054FD83 /* Sources */ = {
			isa = PBXSourcesBuildPhase;
			buildActionMask = 2147483647;
			files = (
				0464F9E627A578AE0054FD83 /* KkamagnoonUITestsLaunchTests.swift in Sources */,
				0464F9E427A578AE0054FD83 /* KkamagnoonUITests.swift in Sources */,
			);
			runOnlyForDeploymentPostprocessing = 0;
		};
/* End PBXSourcesBuildPhase section */

/* Begin PBXTargetDependency section */
		0464F9D727A578AE0054FD83 /* PBXTargetDependency */ = {
			isa = PBXTargetDependency;
			target = 0464F9BE27A578AA0054FD83 /* Kkamagnoon */;
			targetProxy = 0464F9D627A578AE0054FD83 /* PBXContainerItemProxy */;
		};
		0464F9E127A578AE0054FD83 /* PBXTargetDependency */ = {
			isa = PBXTargetDependency;
			target = 0464F9BE27A578AA0054FD83 /* Kkamagnoon */;
			targetProxy = 0464F9E027A578AE0054FD83 /* PBXContainerItemProxy */;
		};
/* End PBXTargetDependency section */

/* Begin PBXVariantGroup section */
		0464F9C827A578AA0054FD83 /* Main.storyboard */ = {
			isa = PBXVariantGroup;
			children = (
				0464F9C927A578AA0054FD83 /* Base */,
			);
			name = Main.storyboard;
			sourceTree = "<group>";
		};
		0464F9CD27A578AE0054FD83 /* LaunchScreen.storyboard */ = {
			isa = PBXVariantGroup;
			children = (
				0464F9CE27A578AE0054FD83 /* Base */,
			);
			name = LaunchScreen.storyboard;
			sourceTree = "<group>";
		};
/* End PBXVariantGroup section */

/* Begin XCBuildConfiguration section */
		0464F9E727A578AE0054FD83 /* Debug */ = {
			isa = XCBuildConfiguration;
			buildSettings = {
				ALWAYS_SEARCH_USER_PATHS = NO;
				CLANG_ANALYZER_NONNULL = YES;
				CLANG_ANALYZER_NUMBER_OBJECT_CONVERSION = YES_AGGRESSIVE;
				CLANG_CXX_LANGUAGE_STANDARD = "gnu++17";
				CLANG_CXX_LIBRARY = "libc++";
				CLANG_ENABLE_MODULES = YES;
				CLANG_ENABLE_OBJC_ARC = YES;
				CLANG_ENABLE_OBJC_WEAK = YES;
				CLANG_WARN_BLOCK_CAPTURE_AUTORELEASING = YES;
				CLANG_WARN_BOOL_CONVERSION = YES;
				CLANG_WARN_COMMA = YES;
				CLANG_WARN_CONSTANT_CONVERSION = YES;
				CLANG_WARN_DEPRECATED_OBJC_IMPLEMENTATIONS = YES;
				CLANG_WARN_DIRECT_OBJC_ISA_USAGE = YES_ERROR;
				CLANG_WARN_DOCUMENTATION_COMMENTS = YES;
				CLANG_WARN_EMPTY_BODY = YES;
				CLANG_WARN_ENUM_CONVERSION = YES;
				CLANG_WARN_INFINITE_RECURSION = YES;
				CLANG_WARN_INT_CONVERSION = YES;
				CLANG_WARN_NON_LITERAL_NULL_CONVERSION = YES;
				CLANG_WARN_OBJC_IMPLICIT_RETAIN_SELF = YES;
				CLANG_WARN_OBJC_LITERAL_CONVERSION = YES;
				CLANG_WARN_OBJC_ROOT_CLASS = YES_ERROR;
				CLANG_WARN_QUOTED_INCLUDE_IN_FRAMEWORK_HEADER = YES;
				CLANG_WARN_RANGE_LOOP_ANALYSIS = YES;
				CLANG_WARN_STRICT_PROTOTYPES = YES;
				CLANG_WARN_SUSPICIOUS_MOVE = YES;
				CLANG_WARN_UNGUARDED_AVAILABILITY = YES_AGGRESSIVE;
				CLANG_WARN_UNREACHABLE_CODE = YES;
				CLANG_WARN__DUPLICATE_METHOD_MATCH = YES;
				COPY_PHASE_STRIP = NO;
				DEBUG_INFORMATION_FORMAT = dwarf;
				ENABLE_STRICT_OBJC_MSGSEND = YES;
				ENABLE_TESTABILITY = YES;
				GCC_C_LANGUAGE_STANDARD = gnu11;
				GCC_DYNAMIC_NO_PIC = NO;
				GCC_NO_COMMON_BLOCKS = YES;
				GCC_OPTIMIZATION_LEVEL = 0;
				GCC_PREPROCESSOR_DEFINITIONS = (
					"DEBUG=1",
					"$(inherited)",
				);
				GCC_WARN_64_TO_32_BIT_CONVERSION = YES;
				GCC_WARN_ABOUT_RETURN_TYPE = YES_ERROR;
				GCC_WARN_UNDECLARED_SELECTOR = YES;
				GCC_WARN_UNINITIALIZED_AUTOS = YES_AGGRESSIVE;
				GCC_WARN_UNUSED_FUNCTION = YES;
				GCC_WARN_UNUSED_VARIABLE = YES;
				IPHONEOS_DEPLOYMENT_TARGET = 15.2;
				MTL_ENABLE_DEBUG_INFO = INCLUDE_SOURCE;
				MTL_FAST_MATH = YES;
				ONLY_ACTIVE_ARCH = YES;
				SDKROOT = iphoneos;
				SWIFT_ACTIVE_COMPILATION_CONDITIONS = DEBUG;
				SWIFT_OPTIMIZATION_LEVEL = "-Onone";
			};
			name = Debug;
		};
		0464F9E827A578AE0054FD83 /* Release */ = {
			isa = XCBuildConfiguration;
			buildSettings = {
				ALWAYS_SEARCH_USER_PATHS = NO;
				CLANG_ANALYZER_NONNULL = YES;
				CLANG_ANALYZER_NUMBER_OBJECT_CONVERSION = YES_AGGRESSIVE;
				CLANG_CXX_LANGUAGE_STANDARD = "gnu++17";
				CLANG_CXX_LIBRARY = "libc++";
				CLANG_ENABLE_MODULES = YES;
				CLANG_ENABLE_OBJC_ARC = YES;
				CLANG_ENABLE_OBJC_WEAK = YES;
				CLANG_WARN_BLOCK_CAPTURE_AUTORELEASING = YES;
				CLANG_WARN_BOOL_CONVERSION = YES;
				CLANG_WARN_COMMA = YES;
				CLANG_WARN_CONSTANT_CONVERSION = YES;
				CLANG_WARN_DEPRECATED_OBJC_IMPLEMENTATIONS = YES;
				CLANG_WARN_DIRECT_OBJC_ISA_USAGE = YES_ERROR;
				CLANG_WARN_DOCUMENTATION_COMMENTS = YES;
				CLANG_WARN_EMPTY_BODY = YES;
				CLANG_WARN_ENUM_CONVERSION = YES;
				CLANG_WARN_INFINITE_RECURSION = YES;
				CLANG_WARN_INT_CONVERSION = YES;
				CLANG_WARN_NON_LITERAL_NULL_CONVERSION = YES;
				CLANG_WARN_OBJC_IMPLICIT_RETAIN_SELF = YES;
				CLANG_WARN_OBJC_LITERAL_CONVERSION = YES;
				CLANG_WARN_OBJC_ROOT_CLASS = YES_ERROR;
				CLANG_WARN_QUOTED_INCLUDE_IN_FRAMEWORK_HEADER = YES;
				CLANG_WARN_RANGE_LOOP_ANALYSIS = YES;
				CLANG_WARN_STRICT_PROTOTYPES = YES;
				CLANG_WARN_SUSPICIOUS_MOVE = YES;
				CLANG_WARN_UNGUARDED_AVAILABILITY = YES_AGGRESSIVE;
				CLANG_WARN_UNREACHABLE_CODE = YES;
				CLANG_WARN__DUPLICATE_METHOD_MATCH = YES;
				COPY_PHASE_STRIP = NO;
				DEBUG_INFORMATION_FORMAT = "dwarf-with-dsym";
				ENABLE_NS_ASSERTIONS = NO;
				ENABLE_STRICT_OBJC_MSGSEND = YES;
				GCC_C_LANGUAGE_STANDARD = gnu11;
				GCC_NO_COMMON_BLOCKS = YES;
				GCC_WARN_64_TO_32_BIT_CONVERSION = YES;
				GCC_WARN_ABOUT_RETURN_TYPE = YES_ERROR;
				GCC_WARN_UNDECLARED_SELECTOR = YES;
				GCC_WARN_UNINITIALIZED_AUTOS = YES_AGGRESSIVE;
				GCC_WARN_UNUSED_FUNCTION = YES;
				GCC_WARN_UNUSED_VARIABLE = YES;
				IPHONEOS_DEPLOYMENT_TARGET = 15.2;
				MTL_ENABLE_DEBUG_INFO = NO;
				MTL_FAST_MATH = YES;
				SDKROOT = iphoneos;
				SWIFT_COMPILATION_MODE = wholemodule;
				SWIFT_OPTIMIZATION_LEVEL = "-O";
				VALIDATE_PRODUCT = YES;
			};
			name = Release;
		};
		0464F9EA27A578AE0054FD83 /* Debug */ = {
			isa = XCBuildConfiguration;
			baseConfigurationReference = C1B9332CCBFC0C9DE0C86E33 /* Pods-Kkamagnoon.debug.xcconfig */;
			buildSettings = {
				ASSETCATALOG_COMPILER_APPICON_NAME = AppIcon;
				ASSETCATALOG_COMPILER_GLOBAL_ACCENT_COLOR_NAME = AccentColor;
				CODE_SIGN_STYLE = Automatic;
				CURRENT_PROJECT_VERSION = 1;
				DEVELOPMENT_TEAM = V75GP346YD;
				GENERATE_INFOPLIST_FILE = YES;
				INFOPLIST_FILE = Kkamagnoon/Info.plist;
				INFOPLIST_KEY_UIApplicationSupportsIndirectInputEvents = YES;
				INFOPLIST_KEY_UILaunchStoryboardName = LaunchScreen;
				INFOPLIST_KEY_UIMainStoryboardFile = Main;
				INFOPLIST_KEY_UISupportedInterfaceOrientations_iPad = "UIInterfaceOrientationPortrait UIInterfaceOrientationPortraitUpsideDown UIInterfaceOrientationLandscapeLeft UIInterfaceOrientationLandscapeRight";
				INFOPLIST_KEY_UISupportedInterfaceOrientations_iPhone = "UIInterfaceOrientationPortrait UIInterfaceOrientationLandscapeLeft UIInterfaceOrientationLandscapeRight";
				LD_RUNPATH_SEARCH_PATHS = (
					"$(inherited)",
					"@executable_path/Frameworks",
				);
				MARKETING_VERSION = 1.0;
				PRODUCT_BUNDLE_IDENTIFIER = "com.dnd.6-2.Kkamagnoon";
				PRODUCT_NAME = "$(TARGET_NAME)";
				SWIFT_EMIT_LOC_STRINGS = YES;
				SWIFT_VERSION = 5.0;
				TARGETED_DEVICE_FAMILY = "1,2";
			};
			name = Debug;
		};
		0464F9EB27A578AE0054FD83 /* Release */ = {
			isa = XCBuildConfiguration;
			baseConfigurationReference = 18CC5DE48442606CD4F34580 /* Pods-Kkamagnoon.release.xcconfig */;
			buildSettings = {
				ASSETCATALOG_COMPILER_APPICON_NAME = AppIcon;
				ASSETCATALOG_COMPILER_GLOBAL_ACCENT_COLOR_NAME = AccentColor;
				CODE_SIGN_STYLE = Automatic;
				CURRENT_PROJECT_VERSION = 1;
				DEVELOPMENT_TEAM = V75GP346YD;
				GENERATE_INFOPLIST_FILE = YES;
				INFOPLIST_FILE = Kkamagnoon/Info.plist;
				INFOPLIST_KEY_UIApplicationSupportsIndirectInputEvents = YES;
				INFOPLIST_KEY_UILaunchStoryboardName = LaunchScreen;
				INFOPLIST_KEY_UIMainStoryboardFile = Main;
				INFOPLIST_KEY_UISupportedInterfaceOrientations_iPad = "UIInterfaceOrientationPortrait UIInterfaceOrientationPortraitUpsideDown UIInterfaceOrientationLandscapeLeft UIInterfaceOrientationLandscapeRight";
				INFOPLIST_KEY_UISupportedInterfaceOrientations_iPhone = "UIInterfaceOrientationPortrait UIInterfaceOrientationLandscapeLeft UIInterfaceOrientationLandscapeRight";
				LD_RUNPATH_SEARCH_PATHS = (
					"$(inherited)",
					"@executable_path/Frameworks",
				);
				MARKETING_VERSION = 1.0;
				PRODUCT_BUNDLE_IDENTIFIER = "com.dnd.6-2.Kkamagnoon";
				PRODUCT_NAME = "$(TARGET_NAME)";
				SWIFT_EMIT_LOC_STRINGS = YES;
				SWIFT_VERSION = 5.0;
				TARGETED_DEVICE_FAMILY = "1,2";
			};
			name = Release;
		};
		0464F9ED27A578AE0054FD83 /* Debug */ = {
			isa = XCBuildConfiguration;
			baseConfigurationReference = A986D28ED4D456322F64EB2A /* Pods-KkamagnoonTests.debug.xcconfig */;
			buildSettings = {
				ALWAYS_EMBED_SWIFT_STANDARD_LIBRARIES = YES;
				BUNDLE_LOADER = "$(TEST_HOST)";
				CODE_SIGN_STYLE = Automatic;
				CURRENT_PROJECT_VERSION = 1;
				DEVELOPMENT_TEAM = V75GP346YD;
				GENERATE_INFOPLIST_FILE = YES;
				IPHONEOS_DEPLOYMENT_TARGET = 15.2;
				MARKETING_VERSION = 1.0;
				PRODUCT_BUNDLE_IDENTIFIER = "com.dnd.6-2.KkamagnoonTests";
				PRODUCT_NAME = "$(TARGET_NAME)";
				SWIFT_EMIT_LOC_STRINGS = NO;
				SWIFT_VERSION = 5.0;
				TARGETED_DEVICE_FAMILY = "1,2";
				TEST_HOST = "$(BUILT_PRODUCTS_DIR)/Kkamagnoon.app/Kkamagnoon";
			};
			name = Debug;
		};
		0464F9EE27A578AE0054FD83 /* Release */ = {
			isa = XCBuildConfiguration;
			baseConfigurationReference = 24838BE1B7D5491B5C97CEAF /* Pods-KkamagnoonTests.release.xcconfig */;
			buildSettings = {
				ALWAYS_EMBED_SWIFT_STANDARD_LIBRARIES = YES;
				BUNDLE_LOADER = "$(TEST_HOST)";
				CODE_SIGN_STYLE = Automatic;
				CURRENT_PROJECT_VERSION = 1;
				DEVELOPMENT_TEAM = V75GP346YD;
				GENERATE_INFOPLIST_FILE = YES;
				IPHONEOS_DEPLOYMENT_TARGET = 15.2;
				MARKETING_VERSION = 1.0;
				PRODUCT_BUNDLE_IDENTIFIER = "com.dnd.6-2.KkamagnoonTests";
				PRODUCT_NAME = "$(TARGET_NAME)";
				SWIFT_EMIT_LOC_STRINGS = NO;
				SWIFT_VERSION = 5.0;
				TARGETED_DEVICE_FAMILY = "1,2";
				TEST_HOST = "$(BUILT_PRODUCTS_DIR)/Kkamagnoon.app/Kkamagnoon";
			};
			name = Release;
		};
		0464F9F027A578AE0054FD83 /* Debug */ = {
			isa = XCBuildConfiguration;
			baseConfigurationReference = BB0DF68CBDDA26E710E01D6C /* Pods-Kkamagnoon-KkamagnoonUITests.debug.xcconfig */;
			buildSettings = {
				ALWAYS_EMBED_SWIFT_STANDARD_LIBRARIES = YES;
				CODE_SIGN_STYLE = Automatic;
				CURRENT_PROJECT_VERSION = 1;
				DEVELOPMENT_TEAM = V75GP346YD;
				GENERATE_INFOPLIST_FILE = YES;
				MARKETING_VERSION = 1.0;
				PRODUCT_BUNDLE_IDENTIFIER = "com.dnd.6-2.KkamagnoonUITests";
				PRODUCT_NAME = "$(TARGET_NAME)";
				SWIFT_EMIT_LOC_STRINGS = NO;
				SWIFT_VERSION = 5.0;
				TARGETED_DEVICE_FAMILY = "1,2";
				TEST_TARGET_NAME = Kkamagnoon;
			};
			name = Debug;
		};
		0464F9F127A578AE0054FD83 /* Release */ = {
			isa = XCBuildConfiguration;
			baseConfigurationReference = 3CAD58F2BFA2515C25236C96 /* Pods-Kkamagnoon-KkamagnoonUITests.release.xcconfig */;
			buildSettings = {
				ALWAYS_EMBED_SWIFT_STANDARD_LIBRARIES = YES;
				CODE_SIGN_STYLE = Automatic;
				CURRENT_PROJECT_VERSION = 1;
				DEVELOPMENT_TEAM = V75GP346YD;
				GENERATE_INFOPLIST_FILE = YES;
				MARKETING_VERSION = 1.0;
				PRODUCT_BUNDLE_IDENTIFIER = "com.dnd.6-2.KkamagnoonUITests";
				PRODUCT_NAME = "$(TARGET_NAME)";
				SWIFT_EMIT_LOC_STRINGS = NO;
				SWIFT_VERSION = 5.0;
				TARGETED_DEVICE_FAMILY = "1,2";
				TEST_TARGET_NAME = Kkamagnoon;
			};
			name = Release;
		};
/* End XCBuildConfiguration section */

/* Begin XCConfigurationList section */
		0464F9BA27A578AA0054FD83 /* Build configuration list for PBXProject "Kkamagnoon" */ = {
			isa = XCConfigurationList;
			buildConfigurations = (
				0464F9E727A578AE0054FD83 /* Debug */,
				0464F9E827A578AE0054FD83 /* Release */,
			);
			defaultConfigurationIsVisible = 0;
			defaultConfigurationName = Release;
		};
		0464F9E927A578AE0054FD83 /* Build configuration list for PBXNativeTarget "Kkamagnoon" */ = {
			isa = XCConfigurationList;
			buildConfigurations = (
				0464F9EA27A578AE0054FD83 /* Debug */,
				0464F9EB27A578AE0054FD83 /* Release */,
			);
			defaultConfigurationIsVisible = 0;
			defaultConfigurationName = Release;
		};
		0464F9EC27A578AE0054FD83 /* Build configuration list for PBXNativeTarget "KkamagnoonTests" */ = {
			isa = XCConfigurationList;
			buildConfigurations = (
				0464F9ED27A578AE0054FD83 /* Debug */,
				0464F9EE27A578AE0054FD83 /* Release */,
			);
			defaultConfigurationIsVisible = 0;
			defaultConfigurationName = Release;
		};
		0464F9EF27A578AE0054FD83 /* Build configuration list for PBXNativeTarget "KkamagnoonUITests" */ = {
			isa = XCConfigurationList;
			buildConfigurations = (
				0464F9F027A578AE0054FD83 /* Debug */,
				0464F9F127A578AE0054FD83 /* Release */,
			);
			defaultConfigurationIsVisible = 0;
			defaultConfigurationName = Release;
		};
/* End XCConfigurationList section */
	};
	rootObject = 0464F9B727A578AA0054FD83 /* Project object */;
}
